
Microsoft Visual Studio Solution File, Format Version 12.00
# Visual Studio Version 17
VisualStudioVersion = 17.0.31903.59
MinimumVisualStudioVersion = 10.0.40219.1
Project("{2150E333-8FDC-42A3-9474-1A3956D46DE8}") = "Solution Items", "Solution Items", "{E2DA20AA-28D1-455C-BF50-C49A8F831633}"
	ProjectSection(SolutionItems) = preProject
		.editorconfig = .editorconfig
		.gitignore = .gitignore
		Directory.Build.props = Directory.Build.props
		Directory.Packages.props = Directory.Packages.props
		global.json = global.json
		README.md = README.md
	EndProjectSection
EndProject
Project("{2150E333-8FDC-42A3-9474-1A3956D46DE8}") = "MicroServices", "MicroServices", "{8A367DDA-5161-A942-4F09-60E4726C9306}"
EndProject
Project("{2150E333-8FDC-42A3-9474-1A3956D46DE8}") = "AutoPost", "AutoPost", "{D3C57789-3D7D-8B0B-EB83-EEDE3EAE72A8}"
EndProject
Project("{2150E333-8FDC-42A3-9474-1A3956D46DE8}") = "src", "src", "{C4378809-C824-FA63-61C3-C4AE637AD50B}"
EndProject
Project("{FAE04EC0-301F-11D3-BF4B-00C04F79EFBC}") = "AutoPost.Domain", "MicroServices\AutoPost\src\Domain\AutoPost.Domain.csproj", "{DF722CB7-B109-4D45-86B8-547F4AB1CD74}"
EndProject
Project("{FAE04EC0-301F-11D3-BF4B-00C04F79EFBC}") = "AutoPost.Application", "MicroServices\AutoPost\src\Application\AutoPost.Application.csproj", "{2A9FF8C5-B9AB-4D56-9381-2A946EE8223D}"
EndProject
Project("{FAE04EC0-301F-11D3-BF4B-00C04F79EFBC}") = "AutoPost.Infrastructure", "MicroServices\AutoPost\src\Infrastructure\AutoPost.Infrastructure.csproj", "{134F9E40-7249-4394-9951-B0FDDE9E8AE8}"
EndProject
Project("{FAE04EC0-301F-11D3-BF4B-00C04F79EFBC}") = "AutoPost.Web", "MicroServices\AutoPost\src\Web\AutoPost.Web.csproj", "{BBB86B05-025D-4712-AFDA-ED5D321DCB37}"
EndProject
Project("{2150E333-8FDC-42A3-9474-1A3956D46DE8}") = "tests", "tests", "{2A70F31C-5C72-7D46-9845-EE4026926510}"
EndProject
Project("{FAE04EC0-301F-11D3-BF4B-00C04F79EFBC}") = "AutoPost.Application.FunctionalTests", "MicroServices\AutoPost\tests\Application.FunctionalTests\AutoPost.Application.FunctionalTests.csproj", "{53CF0CA8-7E32-4777-9275-9031E133DD7D}"
EndProject
Project("{FAE04EC0-301F-11D3-BF4B-00C04F79EFBC}") = "AutoPost.Domain.UnitTests", "MicroServices\AutoPost\tests\Domain.UnitTests\AutoPost.Domain.UnitTests.csproj", "{2CEEAE6F-D022-4896-A04E-7A3E95F4D9C2}"
EndProject
Project("{FAE04EC0-301F-11D3-BF4B-00C04F79EFBC}") = "AutoPost.Application.UnitTests", "MicroServices\AutoPost\tests\Application.UnitTests\AutoPost.Application.UnitTests.csproj", "{10CEB48C-1ECC-41D7-B69A-67624BC949F8}"
EndProject
Project("{FAE04EC0-301F-11D3-BF4B-00C04F79EFBC}") = "AutoPost.Infrastructure.IntegrationTests", "MicroServices\AutoPost\tests\Infrastructure.IntegrationTests\AutoPost.Infrastructure.IntegrationTests.csproj", "{BB188636-25FC-412C-A2E1-25EE59444E49}"
EndProject
Project("{2150E333-8FDC-42A3-9474-1A3956D46DE8}") = "Brand", "Brand", "{35B47C26-E9C5-5DA2-1E8B-2A3D4E6456B9}"
EndProject
Project("{2150E333-8FDC-42A3-9474-1A3956D46DE8}") = "src", "src", "{DA79879A-6D69-773B-E244-3746ADEF81EB}"
EndProject
Project("{FAE04EC0-301F-11D3-BF4B-00C04F79EFBC}") = "Brand.Domain", "MicroServices\Brand\src\Domain\Brand.Domain.csproj", "{9E301FB9-9C06-4303-8FFF-77F6D8802B04}"
EndProject
Project("{FAE04EC0-301F-11D3-BF4B-00C04F79EFBC}") = "Brand.Application", "MicroServices\Brand\src\Application\Brand.Application.csproj", "{DB972A23-13E2-4D21-98D2-A2E862BD5789}"
EndProject
Project("{FAE04EC0-301F-11D3-BF4B-00C04F79EFBC}") = "Brand.Infrastructure", "MicroServices\Brand\src\Infrastructure\Brand.Infrastructure.csproj", "{BFB6974F-D5C0-4866-8559-3AF79DAD2CC4}"
EndProject
Project("{FAE04EC0-301F-11D3-BF4B-00C04F79EFBC}") = "Brand.Web", "MicroServices\Brand\src\Web\Brand.Web.csproj", "{C9473620-7B39-4E55-8F44-4AC278757836}"
EndProject
Project("{2150E333-8FDC-42A3-9474-1A3956D46DE8}") = "User", "User", "{C0F266E7-F057-DC0D-B583-6ABC88229542}"
EndProject
Project("{2150E333-8FDC-42A3-9474-1A3956D46DE8}") = "src", "src", "{36F82D61-3B92-D88F-2C37-2E60CD41415C}"
EndProject
Project("{FAE04EC0-301F-11D3-BF4B-00C04F79EFBC}") = "User.Web", "MicroServices\User\src\Web\User.Web.csproj", "{462C7A7F-F00E-41C4-B882-CC0DAF59C314}"
EndProject
Project("{FAE04EC0-301F-11D3-BF4B-00C04F79EFBC}") = "User.Infrastructure", "MicroServices\User\src\Infrastructure\User.Infrastructure.csproj", "{3A3C1941-333E-4310-9274-1B64B1EE8D5F}"
EndProject
Project("{FAE04EC0-301F-11D3-BF4B-00C04F79EFBC}") = "User.Application", "MicroServices\User\src\Application\User.Application.csproj", "{A644DA95-A238-4C4C-8394-D4897DB32458}"
EndProject
Project("{FAE04EC0-301F-11D3-BF4B-00C04F79EFBC}") = "User.Domain", "MicroServices\User\src\Domain\User.Domain.csproj", "{00DE8579-5008-4BCD-B909-3E147471F76E}"
EndProject
Project("{2150E333-8FDC-42A3-9474-1A3956D46DE8}") = "Post", "Post", "{BD8D70B4-8783-9CDE-4928-87A75EE4AA3F}"
EndProject
Project("{2150E333-8FDC-42A3-9474-1A3956D46DE8}") = "src", "src", "{38C12210-34DE-1CE0-274E-81AE92205607}"
EndProject
Project("{FAE04EC0-301F-11D3-BF4B-00C04F79EFBC}") = "Post.Domain", "MicroServices\Post\src\Domain\Post.Domain.csproj", "{E26C94DA-4A5F-47ED-BABB-25D1981DA01A}"
EndProject
Project("{FAE04EC0-301F-11D3-BF4B-00C04F79EFBC}") = "Post.Application", "MicroServices\Post\src\Application\Post.Application.csproj", "{87901469-3D09-4C9B-9BE0-4844BCEB095E}"
EndProject
Project("{FAE04EC0-301F-11D3-BF4B-00C04F79EFBC}") = "Post.Infrastructure", "MicroServices\Post\src\Infrastructure\Post.Infrastructure.csproj", "{E897EBF6-1792-4343-ADA3-3652C81C841C}"
EndProject
Project("{FAE04EC0-301F-11D3-BF4B-00C04F79EFBC}") = "Post.Web", "MicroServices\Post\src\Web\Post.Web.csproj", "{35962A74-8EC7-46FD-B34E-4B8B24A3AD5C}"
EndProject
Project("{2150E333-8FDC-42A3-9474-1A3956D46DE8}") = "tests", "tests", "{81D0A65F-4FFC-5A1F-D290-1D0321A260B3}"
EndProject
Project("{FAE04EC0-301F-11D3-BF4B-00C04F79EFBC}") = "Brand.Application.UnitTests", "MicroServices\Brand\tests\Application.UnitTests\Brand.Application.UnitTests.csproj", "{36FC3504-BD59-46BA-940D-E8FA1B510F68}"
EndProject
Project("{2150E333-8FDC-42A3-9474-1A3956D46DE8}") = "tests", "tests", "{09348F4C-D5E3-EE9B-4F91-41112B18C921}"
EndProject
Project("{FAE04EC0-301F-11D3-BF4B-00C04F79EFBC}") = "User.Application.UnitTests", "MicroServices\User\tests\Application.UnitTests\User.Application.UnitTests.csproj", "{1CE626DB-5285-418D-AE09-93DDFA916E0A}"
EndProject
Project("{2150E333-8FDC-42A3-9474-1A3956D46DE8}") = "tests", "tests", "{ACE97FBE-E5CE-D56B-9B6E-FFB3CDBB27EC}"
EndProject
Project("{FAE04EC0-301F-11D3-BF4B-00C04F79EFBC}") = "Post.Application.UnitTests", "MicroServices\Post\tests\Application.UnitTests\Post.Application.UnitTests.csproj", "{CBE67E34-6CC8-43B3-A96B-CD7AB80FFE6F}"
EndProject
Project("{FAE04EC0-301F-11D3-BF4B-00C04F79EFBC}") = "Post.Domain.UnitTests", "MicroServices\Post\tests\Domain.UnitTests\Post.Domain.UnitTests.csproj", "{D1506526-3C4B-42B6-B9C8-C82727E091AA}"
EndProject
Project("{FAE04EC0-301F-11D3-BF4B-00C04F79EFBC}") = "Brand.Domain.UnitTests", "MicroServices\Brand\tests\Domain.UnitTests\Brand.Domain.UnitTests.csproj", "{4CEDB314-1115-4EEF-B9AB-7BB5C2BD712A}"
EndProject
Project("{FAE04EC0-301F-11D3-BF4B-00C04F79EFBC}") = "User.Domain.UnitTests", "MicroServices\User\tests\Domain.UnitTests\User.Domain.UnitTests.csproj", "{F34FB0FB-AF67-48B8-BDFB-718BA3FFCDB2}"
EndProject
Global
	GlobalSection(SolutionConfigurationPlatforms) = preSolution
		Debug|Any CPU = Debug|Any CPU
		Debug|x64 = Debug|x64
		Debug|x86 = Debug|x86
		Release|Any CPU = Release|Any CPU
		Release|x64 = Release|x64
		Release|x86 = Release|x86
	EndGlobalSection
	GlobalSection(ProjectConfigurationPlatforms) = postSolution
		{DF722CB7-B109-4D45-86B8-547F4AB1CD74}.Debug|Any CPU.ActiveCfg = Debug|Any CPU
		{DF722CB7-B109-4D45-86B8-547F4AB1CD74}.Debug|Any CPU.Build.0 = Debug|Any CPU
		{DF722CB7-B109-4D45-86B8-547F4AB1CD74}.Debug|x64.ActiveCfg = Debug|Any CPU
		{DF722CB7-B109-4D45-86B8-547F4AB1CD74}.Debug|x64.Build.0 = Debug|Any CPU
		{DF722CB7-B109-4D45-86B8-547F4AB1CD74}.Debug|x86.ActiveCfg = Debug|Any CPU
		{DF722CB7-B109-4D45-86B8-547F4AB1CD74}.Debug|x86.Build.0 = Debug|Any CPU
		{DF722CB7-B109-4D45-86B8-547F4AB1CD74}.Release|Any CPU.ActiveCfg = Release|Any CPU
		{DF722CB7-B109-4D45-86B8-547F4AB1CD74}.Release|Any CPU.Build.0 = Release|Any CPU
		{DF722CB7-B109-4D45-86B8-547F4AB1CD74}.Release|x64.ActiveCfg = Release|Any CPU
		{DF722CB7-B109-4D45-86B8-547F4AB1CD74}.Release|x64.Build.0 = Release|Any CPU
		{DF722CB7-B109-4D45-86B8-547F4AB1CD74}.Release|x86.ActiveCfg = Release|Any CPU
		{DF722CB7-B109-4D45-86B8-547F4AB1CD74}.Release|x86.Build.0 = Release|Any CPU
		{2A9FF8C5-B9AB-4D56-9381-2A946EE8223D}.Debug|Any CPU.ActiveCfg = Debug|Any CPU
		{2A9FF8C5-B9AB-4D56-9381-2A946EE8223D}.Debug|Any CPU.Build.0 = Debug|Any CPU
		{2A9FF8C5-B9AB-4D56-9381-2A946EE8223D}.Debug|x64.ActiveCfg = Debug|Any CPU
		{2A9FF8C5-B9AB-4D56-9381-2A946EE8223D}.Debug|x64.Build.0 = Debug|Any CPU
		{2A9FF8C5-B9AB-4D56-9381-2A946EE8223D}.Debug|x86.ActiveCfg = Debug|Any CPU
		{2A9FF8C5-B9AB-4D56-9381-2A946EE8223D}.Debug|x86.Build.0 = Debug|Any CPU
		{2A9FF8C5-B9AB-4D56-9381-2A946EE8223D}.Release|Any CPU.ActiveCfg = Release|Any CPU
		{2A9FF8C5-B9AB-4D56-9381-2A946EE8223D}.Release|Any CPU.Build.0 = Release|Any CPU
		{2A9FF8C5-B9AB-4D56-9381-2A946EE8223D}.Release|x64.ActiveCfg = Release|Any CPU
		{2A9FF8C5-B9AB-4D56-9381-2A946EE8223D}.Release|x64.Build.0 = Release|Any CPU
		{2A9FF8C5-B9AB-4D56-9381-2A946EE8223D}.Release|x86.ActiveCfg = Release|Any CPU
		{2A9FF8C5-B9AB-4D56-9381-2A946EE8223D}.Release|x86.Build.0 = Release|Any CPU
		{134F9E40-7249-4394-9951-B0FDDE9E8AE8}.Debug|Any CPU.ActiveCfg = Debug|Any CPU
		{134F9E40-7249-4394-9951-B0FDDE9E8AE8}.Debug|Any CPU.Build.0 = Debug|Any CPU
		{134F9E40-7249-4394-9951-B0FDDE9E8AE8}.Debug|x64.ActiveCfg = Debug|Any CPU
		{134F9E40-7249-4394-9951-B0FDDE9E8AE8}.Debug|x64.Build.0 = Debug|Any CPU
		{134F9E40-7249-4394-9951-B0FDDE9E8AE8}.Debug|x86.ActiveCfg = Debug|Any CPU
		{134F9E40-7249-4394-9951-B0FDDE9E8AE8}.Debug|x86.Build.0 = Debug|Any CPU
		{134F9E40-7249-4394-9951-B0FDDE9E8AE8}.Release|Any CPU.ActiveCfg = Release|Any CPU
		{134F9E40-7249-4394-9951-B0FDDE9E8AE8}.Release|Any CPU.Build.0 = Release|Any CPU
		{134F9E40-7249-4394-9951-B0FDDE9E8AE8}.Release|x64.ActiveCfg = Release|Any CPU
		{134F9E40-7249-4394-9951-B0FDDE9E8AE8}.Release|x64.Build.0 = Release|Any CPU
		{134F9E40-7249-4394-9951-B0FDDE9E8AE8}.Release|x86.ActiveCfg = Release|Any CPU
		{134F9E40-7249-4394-9951-B0FDDE9E8AE8}.Release|x86.Build.0 = Release|Any CPU
		{BBB86B05-025D-4712-AFDA-ED5D321DCB37}.Debug|Any CPU.ActiveCfg = Debug|Any CPU
		{BBB86B05-025D-4712-AFDA-ED5D321DCB37}.Debug|Any CPU.Build.0 = Debug|Any CPU
		{BBB86B05-025D-4712-AFDA-ED5D321DCB37}.Debug|x64.ActiveCfg = Debug|Any CPU
		{BBB86B05-025D-4712-AFDA-ED5D321DCB37}.Debug|x64.Build.0 = Debug|Any CPU
		{BBB86B05-025D-4712-AFDA-ED5D321DCB37}.Debug|x86.ActiveCfg = Debug|Any CPU
		{BBB86B05-025D-4712-AFDA-ED5D321DCB37}.Debug|x86.Build.0 = Debug|Any CPU
		{BBB86B05-025D-4712-AFDA-ED5D321DCB37}.Release|Any CPU.ActiveCfg = Release|Any CPU
		{BBB86B05-025D-4712-AFDA-ED5D321DCB37}.Release|Any CPU.Build.0 = Release|Any CPU
		{BBB86B05-025D-4712-AFDA-ED5D321DCB37}.Release|x64.ActiveCfg = Release|Any CPU
		{BBB86B05-025D-4712-AFDA-ED5D321DCB37}.Release|x64.Build.0 = Release|Any CPU
		{BBB86B05-025D-4712-AFDA-ED5D321DCB37}.Release|x86.ActiveCfg = Release|Any CPU
		{BBB86B05-025D-4712-AFDA-ED5D321DCB37}.Release|x86.Build.0 = Release|Any CPU
		{53CF0CA8-7E32-4777-9275-9031E133DD7D}.Debug|Any CPU.ActiveCfg = Debug|Any CPU
		{53CF0CA8-7E32-4777-9275-9031E133DD7D}.Debug|Any CPU.Build.0 = Debug|Any CPU
		{53CF0CA8-7E32-4777-9275-9031E133DD7D}.Debug|x64.ActiveCfg = Debug|Any CPU
		{53CF0CA8-7E32-4777-9275-9031E133DD7D}.Debug|x64.Build.0 = Debug|Any CPU
		{53CF0CA8-7E32-4777-9275-9031E133DD7D}.Debug|x86.ActiveCfg = Debug|Any CPU
		{53CF0CA8-7E32-4777-9275-9031E133DD7D}.Debug|x86.Build.0 = Debug|Any CPU
		{53CF0CA8-7E32-4777-9275-9031E133DD7D}.Release|Any CPU.ActiveCfg = Release|Any CPU
		{53CF0CA8-7E32-4777-9275-9031E133DD7D}.Release|Any CPU.Build.0 = Release|Any CPU
		{53CF0CA8-7E32-4777-9275-9031E133DD7D}.Release|x64.ActiveCfg = Release|Any CPU
		{53CF0CA8-7E32-4777-9275-9031E133DD7D}.Release|x64.Build.0 = Release|Any CPU
		{53CF0CA8-7E32-4777-9275-9031E133DD7D}.Release|x86.ActiveCfg = Release|Any CPU
		{53CF0CA8-7E32-4777-9275-9031E133DD7D}.Release|x86.Build.0 = Release|Any CPU
		{2CEEAE6F-D022-4896-A04E-7A3E95F4D9C2}.Debug|Any CPU.ActiveCfg = Debug|Any CPU
		{2CEEAE6F-D022-4896-A04E-7A3E95F4D9C2}.Debug|Any CPU.Build.0 = Debug|Any CPU
		{2CEEAE6F-D022-4896-A04E-7A3E95F4D9C2}.Debug|x64.ActiveCfg = Debug|Any CPU
		{2CEEAE6F-D022-4896-A04E-7A3E95F4D9C2}.Debug|x64.Build.0 = Debug|Any CPU
		{2CEEAE6F-D022-4896-A04E-7A3E95F4D9C2}.Debug|x86.ActiveCfg = Debug|Any CPU
		{2CEEAE6F-D022-4896-A04E-7A3E95F4D9C2}.Debug|x86.Build.0 = Debug|Any CPU
		{2CEEAE6F-D022-4896-A04E-7A3E95F4D9C2}.Release|Any CPU.ActiveCfg = Release|Any CPU
		{2CEEAE6F-D022-4896-A04E-7A3E95F4D9C2}.Release|Any CPU.Build.0 = Release|Any CPU
		{2CEEAE6F-D022-4896-A04E-7A3E95F4D9C2}.Release|x64.ActiveCfg = Release|Any CPU
		{2CEEAE6F-D022-4896-A04E-7A3E95F4D9C2}.Release|x64.Build.0 = Release|Any CPU
		{2CEEAE6F-D022-4896-A04E-7A3E95F4D9C2}.Release|x86.ActiveCfg = Release|Any CPU
		{2CEEAE6F-D022-4896-A04E-7A3E95F4D9C2}.Release|x86.Build.0 = Release|Any CPU
		{10CEB48C-1ECC-41D7-B69A-67624BC949F8}.Debug|Any CPU.ActiveCfg = Debug|Any CPU
		{10CEB48C-1ECC-41D7-B69A-67624BC949F8}.Debug|Any CPU.Build.0 = Debug|Any CPU
		{10CEB48C-1ECC-41D7-B69A-67624BC949F8}.Debug|x64.ActiveCfg = Debug|Any CPU
		{10CEB48C-1ECC-41D7-B69A-67624BC949F8}.Debug|x64.Build.0 = Debug|Any CPU
		{10CEB48C-1ECC-41D7-B69A-67624BC949F8}.Debug|x86.ActiveCfg = Debug|Any CPU
		{10CEB48C-1ECC-41D7-B69A-67624BC949F8}.Debug|x86.Build.0 = Debug|Any CPU
		{10CEB48C-1ECC-41D7-B69A-67624BC949F8}.Release|Any CPU.ActiveCfg = Release|Any CPU
		{10CEB48C-1ECC-41D7-B69A-67624BC949F8}.Release|Any CPU.Build.0 = Release|Any CPU
		{10CEB48C-1ECC-41D7-B69A-67624BC949F8}.Release|x64.ActiveCfg = Release|Any CPU
		{10CEB48C-1ECC-41D7-B69A-67624BC949F8}.Release|x64.Build.0 = Release|Any CPU
		{10CEB48C-1ECC-41D7-B69A-67624BC949F8}.Release|x86.ActiveCfg = Release|Any CPU
		{10CEB48C-1ECC-41D7-B69A-67624BC949F8}.Release|x86.Build.0 = Release|Any CPU
		{BB188636-25FC-412C-A2E1-25EE59444E49}.Debug|Any CPU.ActiveCfg = Debug|Any CPU
		{BB188636-25FC-412C-A2E1-25EE59444E49}.Debug|Any CPU.Build.0 = Debug|Any CPU
		{BB188636-25FC-412C-A2E1-25EE59444E49}.Debug|x64.ActiveCfg = Debug|Any CPU
		{BB188636-25FC-412C-A2E1-25EE59444E49}.Debug|x64.Build.0 = Debug|Any CPU
		{BB188636-25FC-412C-A2E1-25EE59444E49}.Debug|x86.ActiveCfg = Debug|Any CPU
		{BB188636-25FC-412C-A2E1-25EE59444E49}.Debug|x86.Build.0 = Debug|Any CPU
		{BB188636-25FC-412C-A2E1-25EE59444E49}.Release|Any CPU.ActiveCfg = Release|Any CPU
		{BB188636-25FC-412C-A2E1-25EE59444E49}.Release|Any CPU.Build.0 = Release|Any CPU
		{BB188636-25FC-412C-A2E1-25EE59444E49}.Release|x64.ActiveCfg = Release|Any CPU
		{BB188636-25FC-412C-A2E1-25EE59444E49}.Release|x64.Build.0 = Release|Any CPU
		{BB188636-25FC-412C-A2E1-25EE59444E49}.Release|x86.ActiveCfg = Release|Any CPU
		{BB188636-25FC-412C-A2E1-25EE59444E49}.Release|x86.Build.0 = Release|Any CPU
		{9E301FB9-9C06-4303-8FFF-77F6D8802B04}.Debug|Any CPU.ActiveCfg = Debug|Any CPU
		{9E301FB9-9C06-4303-8FFF-77F6D8802B04}.Debug|Any CPU.Build.0 = Debug|Any CPU
		{9E301FB9-9C06-4303-8FFF-77F6D8802B04}.Debug|x64.ActiveCfg = Debug|Any CPU
		{9E301FB9-9C06-4303-8FFF-77F6D8802B04}.Debug|x64.Build.0 = Debug|Any CPU
		{9E301FB9-9C06-4303-8FFF-77F6D8802B04}.Debug|x86.ActiveCfg = Debug|Any CPU
		{9E301FB9-9C06-4303-8FFF-77F6D8802B04}.Debug|x86.Build.0 = Debug|Any CPU
		{9E301FB9-9C06-4303-8FFF-77F6D8802B04}.Release|Any CPU.ActiveCfg = Release|Any CPU
		{9E301FB9-9C06-4303-8FFF-77F6D8802B04}.Release|Any CPU.Build.0 = Release|Any CPU
		{9E301FB9-9C06-4303-8FFF-77F6D8802B04}.Release|x64.ActiveCfg = Release|Any CPU
		{9E301FB9-9C06-4303-8FFF-77F6D8802B04}.Release|x64.Build.0 = Release|Any CPU
		{9E301FB9-9C06-4303-8FFF-77F6D8802B04}.Release|x86.ActiveCfg = Release|Any CPU
		{9E301FB9-9C06-4303-8FFF-77F6D8802B04}.Release|x86.Build.0 = Release|Any CPU
		{DB972A23-13E2-4D21-98D2-A2E862BD5789}.Debug|Any CPU.ActiveCfg = Debug|Any CPU
		{DB972A23-13E2-4D21-98D2-A2E862BD5789}.Debug|Any CPU.Build.0 = Debug|Any CPU
		{DB972A23-13E2-4D21-98D2-A2E862BD5789}.Debug|x64.ActiveCfg = Debug|Any CPU
		{DB972A23-13E2-4D21-98D2-A2E862BD5789}.Debug|x64.Build.0 = Debug|Any CPU
		{DB972A23-13E2-4D21-98D2-A2E862BD5789}.Debug|x86.ActiveCfg = Debug|Any CPU
		{DB972A23-13E2-4D21-98D2-A2E862BD5789}.Debug|x86.Build.0 = Debug|Any CPU
		{DB972A23-13E2-4D21-98D2-A2E862BD5789}.Release|Any CPU.ActiveCfg = Release|Any CPU
		{DB972A23-13E2-4D21-98D2-A2E862BD5789}.Release|Any CPU.Build.0 = Release|Any CPU
		{DB972A23-13E2-4D21-98D2-A2E862BD5789}.Release|x64.ActiveCfg = Release|Any CPU
		{DB972A23-13E2-4D21-98D2-A2E862BD5789}.Release|x64.Build.0 = Release|Any CPU
		{DB972A23-13E2-4D21-98D2-A2E862BD5789}.Release|x86.ActiveCfg = Release|Any CPU
		{DB972A23-13E2-4D21-98D2-A2E862BD5789}.Release|x86.Build.0 = Release|Any CPU
		{BFB6974F-D5C0-4866-8559-3AF79DAD2CC4}.Debug|Any CPU.ActiveCfg = Debug|Any CPU
		{BFB6974F-D5C0-4866-8559-3AF79DAD2CC4}.Debug|Any CPU.Build.0 = Debug|Any CPU
		{BFB6974F-D5C0-4866-8559-3AF79DAD2CC4}.Debug|x64.ActiveCfg = Debug|Any CPU
		{BFB6974F-D5C0-4866-8559-3AF79DAD2CC4}.Debug|x64.Build.0 = Debug|Any CPU
		{BFB6974F-D5C0-4866-8559-3AF79DAD2CC4}.Debug|x86.ActiveCfg = Debug|Any CPU
		{BFB6974F-D5C0-4866-8559-3AF79DAD2CC4}.Debug|x86.Build.0 = Debug|Any CPU
		{BFB6974F-D5C0-4866-8559-3AF79DAD2CC4}.Release|Any CPU.ActiveCfg = Release|Any CPU
		{BFB6974F-D5C0-4866-8559-3AF79DAD2CC4}.Release|Any CPU.Build.0 = Release|Any CPU
		{BFB6974F-D5C0-4866-8559-3AF79DAD2CC4}.Release|x64.ActiveCfg = Release|Any CPU
		{BFB6974F-D5C0-4866-8559-3AF79DAD2CC4}.Release|x64.Build.0 = Release|Any CPU
		{BFB6974F-D5C0-4866-8559-3AF79DAD2CC4}.Release|x86.ActiveCfg = Release|Any CPU
		{BFB6974F-D5C0-4866-8559-3AF79DAD2CC4}.Release|x86.Build.0 = Release|Any CPU
		{C9473620-7B39-4E55-8F44-4AC278757836}.Debug|Any CPU.ActiveCfg = Debug|Any CPU
		{C9473620-7B39-4E55-8F44-4AC278757836}.Debug|Any CPU.Build.0 = Debug|Any CPU
		{C9473620-7B39-4E55-8F44-4AC278757836}.Debug|x64.ActiveCfg = Debug|Any CPU
		{C9473620-7B39-4E55-8F44-4AC278757836}.Debug|x64.Build.0 = Debug|Any CPU
		{C9473620-7B39-4E55-8F44-4AC278757836}.Debug|x86.ActiveCfg = Debug|Any CPU
		{C9473620-7B39-4E55-8F44-4AC278757836}.Debug|x86.Build.0 = Debug|Any CPU
		{C9473620-7B39-4E55-8F44-4AC278757836}.Release|Any CPU.ActiveCfg = Release|Any CPU
		{C9473620-7B39-4E55-8F44-4AC278757836}.Release|Any CPU.Build.0 = Release|Any CPU
		{C9473620-7B39-4E55-8F44-4AC278757836}.Release|x64.ActiveCfg = Release|Any CPU
		{C9473620-7B39-4E55-8F44-4AC278757836}.Release|x64.Build.0 = Release|Any CPU
		{C9473620-7B39-4E55-8F44-4AC278757836}.Release|x86.ActiveCfg = Release|Any CPU
		{C9473620-7B39-4E55-8F44-4AC278757836}.Release|x86.Build.0 = Release|Any CPU
		{462C7A7F-F00E-41C4-B882-CC0DAF59C314}.Debug|Any CPU.ActiveCfg = Debug|Any CPU
		{462C7A7F-F00E-41C4-B882-CC0DAF59C314}.Debug|Any CPU.Build.0 = Debug|Any CPU
		{462C7A7F-F00E-41C4-B882-CC0DAF59C314}.Debug|x64.ActiveCfg = Debug|Any CPU
		{462C7A7F-F00E-41C4-B882-CC0DAF59C314}.Debug|x64.Build.0 = Debug|Any CPU
		{462C7A7F-F00E-41C4-B882-CC0DAF59C314}.Debug|x86.ActiveCfg = Debug|Any CPU
		{462C7A7F-F00E-41C4-B882-CC0DAF59C314}.Debug|x86.Build.0 = Debug|Any CPU
		{462C7A7F-F00E-41C4-B882-CC0DAF59C314}.Release|Any CPU.ActiveCfg = Release|Any CPU
		{462C7A7F-F00E-41C4-B882-CC0DAF59C314}.Release|Any CPU.Build.0 = Release|Any CPU
		{462C7A7F-F00E-41C4-B882-CC0DAF59C314}.Release|x64.ActiveCfg = Release|Any CPU
		{462C7A7F-F00E-41C4-B882-CC0DAF59C314}.Release|x64.Build.0 = Release|Any CPU
		{462C7A7F-F00E-41C4-B882-CC0DAF59C314}.Release|x86.ActiveCfg = Release|Any CPU
		{462C7A7F-F00E-41C4-B882-CC0DAF59C314}.Release|x86.Build.0 = Release|Any CPU
		{3A3C1941-333E-4310-9274-1B64B1EE8D5F}.Debug|Any CPU.ActiveCfg = Debug|Any CPU
		{3A3C1941-333E-4310-9274-1B64B1EE8D5F}.Debug|Any CPU.Build.0 = Debug|Any CPU
		{3A3C1941-333E-4310-9274-1B64B1EE8D5F}.Debug|x64.ActiveCfg = Debug|Any CPU
		{3A3C1941-333E-4310-9274-1B64B1EE8D5F}.Debug|x64.Build.0 = Debug|Any CPU
		{3A3C1941-333E-4310-9274-1B64B1EE8D5F}.Debug|x86.ActiveCfg = Debug|Any CPU
		{3A3C1941-333E-4310-9274-1B64B1EE8D5F}.Debug|x86.Build.0 = Debug|Any CPU
		{3A3C1941-333E-4310-9274-1B64B1EE8D5F}.Release|Any CPU.ActiveCfg = Release|Any CPU
		{3A3C1941-333E-4310-9274-1B64B1EE8D5F}.Release|Any CPU.Build.0 = Release|Any CPU
		{3A3C1941-333E-4310-9274-1B64B1EE8D5F}.Release|x64.ActiveCfg = Release|Any CPU
		{3A3C1941-333E-4310-9274-1B64B1EE8D5F}.Release|x64.Build.0 = Release|Any CPU
		{3A3C1941-333E-4310-9274-1B64B1EE8D5F}.Release|x86.ActiveCfg = Release|Any CPU
		{3A3C1941-333E-4310-9274-1B64B1EE8D5F}.Release|x86.Build.0 = Release|Any CPU
		{A644DA95-A238-4C4C-8394-D4897DB32458}.Debug|Any CPU.ActiveCfg = Debug|Any CPU
		{A644DA95-A238-4C4C-8394-D4897DB32458}.Debug|Any CPU.Build.0 = Debug|Any CPU
		{A644DA95-A238-4C4C-8394-D4897DB32458}.Debug|x64.ActiveCfg = Debug|Any CPU
		{A644DA95-A238-4C4C-8394-D4897DB32458}.Debug|x64.Build.0 = Debug|Any CPU
		{A644DA95-A238-4C4C-8394-D4897DB32458}.Debug|x86.ActiveCfg = Debug|Any CPU
		{A644DA95-A238-4C4C-8394-D4897DB32458}.Debug|x86.Build.0 = Debug|Any CPU
		{A644DA95-A238-4C4C-8394-D4897DB32458}.Release|Any CPU.ActiveCfg = Release|Any CPU
		{A644DA95-A238-4C4C-8394-D4897DB32458}.Release|Any CPU.Build.0 = Release|Any CPU
		{A644DA95-A238-4C4C-8394-D4897DB32458}.Release|x64.ActiveCfg = Release|Any CPU
		{A644DA95-A238-4C4C-8394-D4897DB32458}.Release|x64.Build.0 = Release|Any CPU
		{A644DA95-A238-4C4C-8394-D4897DB32458}.Release|x86.ActiveCfg = Release|Any CPU
		{A644DA95-A238-4C4C-8394-D4897DB32458}.Release|x86.Build.0 = Release|Any CPU
		{00DE8579-5008-4BCD-B909-3E147471F76E}.Debug|Any CPU.ActiveCfg = Debug|Any CPU
		{00DE8579-5008-4BCD-B909-3E147471F76E}.Debug|Any CPU.Build.0 = Debug|Any CPU
		{00DE8579-5008-4BCD-B909-3E147471F76E}.Debug|x64.ActiveCfg = Debug|Any CPU
		{00DE8579-5008-4BCD-B909-3E147471F76E}.Debug|x64.Build.0 = Debug|Any CPU
		{00DE8579-5008-4BCD-B909-3E147471F76E}.Debug|x86.ActiveCfg = Debug|Any CPU
		{00DE8579-5008-4BCD-B909-3E147471F76E}.Debug|x86.Build.0 = Debug|Any CPU
		{00DE8579-5008-4BCD-B909-3E147471F76E}.Release|Any CPU.ActiveCfg = Release|Any CPU
		{00DE8579-5008-4BCD-B909-3E147471F76E}.Release|Any CPU.Build.0 = Release|Any CPU
		{00DE8579-5008-4BCD-B909-3E147471F76E}.Release|x64.ActiveCfg = Release|Any CPU
		{00DE8579-5008-4BCD-B909-3E147471F76E}.Release|x64.Build.0 = Release|Any CPU
		{00DE8579-5008-4BCD-B909-3E147471F76E}.Release|x86.ActiveCfg = Release|Any CPU
		{00DE8579-5008-4BCD-B909-3E147471F76E}.Release|x86.Build.0 = Release|Any CPU
		{E26C94DA-4A5F-47ED-BABB-25D1981DA01A}.Debug|Any CPU.ActiveCfg = Debug|Any CPU
		{E26C94DA-4A5F-47ED-BABB-25D1981DA01A}.Debug|Any CPU.Build.0 = Debug|Any CPU
		{E26C94DA-4A5F-47ED-BABB-25D1981DA01A}.Debug|x64.ActiveCfg = Debug|Any CPU
		{E26C94DA-4A5F-47ED-BABB-25D1981DA01A}.Debug|x64.Build.0 = Debug|Any CPU
		{E26C94DA-4A5F-47ED-BABB-25D1981DA01A}.Debug|x86.ActiveCfg = Debug|Any CPU
		{E26C94DA-4A5F-47ED-BABB-25D1981DA01A}.Debug|x86.Build.0 = Debug|Any CPU
		{E26C94DA-4A5F-47ED-BABB-25D1981DA01A}.Release|Any CPU.ActiveCfg = Release|Any CPU
		{E26C94DA-4A5F-47ED-BABB-25D1981DA01A}.Release|Any CPU.Build.0 = Release|Any CPU
		{E26C94DA-4A5F-47ED-BABB-25D1981DA01A}.Release|x64.ActiveCfg = Release|Any CPU
		{E26C94DA-4A5F-47ED-BABB-25D1981DA01A}.Release|x64.Build.0 = Release|Any CPU
		{E26C94DA-4A5F-47ED-BABB-25D1981DA01A}.Release|x86.ActiveCfg = Release|Any CPU
		{E26C94DA-4A5F-47ED-BABB-25D1981DA01A}.Release|x86.Build.0 = Release|Any CPU
		{87901469-3D09-4C9B-9BE0-4844BCEB095E}.Debug|Any CPU.ActiveCfg = Debug|Any CPU
		{87901469-3D09-4C9B-9BE0-4844BCEB095E}.Debug|Any CPU.Build.0 = Debug|Any CPU
		{87901469-3D09-4C9B-9BE0-4844BCEB095E}.Debug|x64.ActiveCfg = Debug|Any CPU
		{87901469-3D09-4C9B-9BE0-4844BCEB095E}.Debug|x64.Build.0 = Debug|Any CPU
		{87901469-3D09-4C9B-9BE0-4844BCEB095E}.Debug|x86.ActiveCfg = Debug|Any CPU
		{87901469-3D09-4C9B-9BE0-4844BCEB095E}.Debug|x86.Build.0 = Debug|Any CPU
		{87901469-3D09-4C9B-9BE0-4844BCEB095E}.Release|Any CPU.ActiveCfg = Release|Any CPU
		{87901469-3D09-4C9B-9BE0-4844BCEB095E}.Release|Any CPU.Build.0 = Release|Any CPU
		{87901469-3D09-4C9B-9BE0-4844BCEB095E}.Release|x64.ActiveCfg = Release|Any CPU
		{87901469-3D09-4C9B-9BE0-4844BCEB095E}.Release|x64.Build.0 = Release|Any CPU
		{87901469-3D09-4C9B-9BE0-4844BCEB095E}.Release|x86.ActiveCfg = Release|Any CPU
		{87901469-3D09-4C9B-9BE0-4844BCEB095E}.Release|x86.Build.0 = Release|Any CPU
		{E897EBF6-1792-4343-ADA3-3652C81C841C}.Debug|Any CPU.ActiveCfg = Debug|Any CPU
		{E897EBF6-1792-4343-ADA3-3652C81C841C}.Debug|Any CPU.Build.0 = Debug|Any CPU
		{E897EBF6-1792-4343-ADA3-3652C81C841C}.Debug|x64.ActiveCfg = Debug|Any CPU
		{E897EBF6-1792-4343-ADA3-3652C81C841C}.Debug|x64.Build.0 = Debug|Any CPU
		{E897EBF6-1792-4343-ADA3-3652C81C841C}.Debug|x86.ActiveCfg = Debug|Any CPU
		{E897EBF6-1792-4343-ADA3-3652C81C841C}.Debug|x86.Build.0 = Debug|Any CPU
		{E897EBF6-1792-4343-ADA3-3652C81C841C}.Release|Any CPU.ActiveCfg = Release|Any CPU
		{E897EBF6-1792-4343-ADA3-3652C81C841C}.Release|Any CPU.Build.0 = Release|Any CPU
		{E897EBF6-1792-4343-ADA3-3652C81C841C}.Release|x64.ActiveCfg = Release|Any CPU
		{E897EBF6-1792-4343-ADA3-3652C81C841C}.Release|x64.Build.0 = Release|Any CPU
		{E897EBF6-1792-4343-ADA3-3652C81C841C}.Release|x86.ActiveCfg = Release|Any CPU
		{E897EBF6-1792-4343-ADA3-3652C81C841C}.Release|x86.Build.0 = Release|Any CPU
		{35962A74-8EC7-46FD-B34E-4B8B24A3AD5C}.Debug|Any CPU.ActiveCfg = Debug|Any CPU
		{35962A74-8EC7-46FD-B34E-4B8B24A3AD5C}.Debug|Any CPU.Build.0 = Debug|Any CPU
		{35962A74-8EC7-46FD-B34E-4B8B24A3AD5C}.Debug|x64.ActiveCfg = Debug|Any CPU
		{35962A74-8EC7-46FD-B34E-4B8B24A3AD5C}.Debug|x64.Build.0 = Debug|Any CPU
		{35962A74-8EC7-46FD-B34E-4B8B24A3AD5C}.Debug|x86.ActiveCfg = Debug|Any CPU
		{35962A74-8EC7-46FD-B34E-4B8B24A3AD5C}.Debug|x86.Build.0 = Debug|Any CPU
		{35962A74-8EC7-46FD-B34E-4B8B24A3AD5C}.Release|Any CPU.ActiveCfg = Release|Any CPU
		{35962A74-8EC7-46FD-B34E-4B8B24A3AD5C}.Release|Any CPU.Build.0 = Release|Any CPU
		{35962A74-8EC7-46FD-B34E-4B8B24A3AD5C}.Release|x64.ActiveCfg = Release|Any CPU
		{35962A74-8EC7-46FD-B34E-4B8B24A3AD5C}.Release|x64.Build.0 = Release|Any CPU
		{35962A74-8EC7-46FD-B34E-4B8B24A3AD5C}.Release|x86.ActiveCfg = Release|Any CPU
		{35962A74-8EC7-46FD-B34E-4B8B24A3AD5C}.Release|x86.Build.0 = Release|Any CPU
		{36FC3504-BD59-46BA-940D-E8FA1B510F68}.Debug|Any CPU.ActiveCfg = Debug|Any CPU
		{36FC3504-BD59-46BA-940D-E8FA1B510F68}.Debug|Any CPU.Build.0 = Debug|Any CPU
		{36FC3504-BD59-46BA-940D-E8FA1B510F68}.Debug|x64.ActiveCfg = Debug|Any CPU
		{36FC3504-BD59-46BA-940D-E8FA1B510F68}.Debug|x64.Build.0 = Debug|Any CPU
		{36FC3504-BD59-46BA-940D-E8FA1B510F68}.Debug|x86.ActiveCfg = Debug|Any CPU
		{36FC3504-BD59-46BA-940D-E8FA1B510F68}.Debug|x86.Build.0 = Debug|Any CPU
		{36FC3504-BD59-46BA-940D-E8FA1B510F68}.Release|Any CPU.ActiveCfg = Release|Any CPU
		{36FC3504-BD59-46BA-940D-E8FA1B510F68}.Release|Any CPU.Build.0 = Release|Any CPU
		{36FC3504-BD59-46BA-940D-E8FA1B510F68}.Release|x64.ActiveCfg = Release|Any CPU
		{36FC3504-BD59-46BA-940D-E8FA1B510F68}.Release|x64.Build.0 = Release|Any CPU
		{36FC3504-BD59-46BA-940D-E8FA1B510F68}.Release|x86.ActiveCfg = Release|Any CPU
		{36FC3504-BD59-46BA-940D-E8FA1B510F68}.Release|x86.Build.0 = Release|Any CPU
		{1CE626DB-5285-418D-AE09-93DDFA916E0A}.Debug|Any CPU.ActiveCfg = Debug|Any CPU
		{1CE626DB-5285-418D-AE09-93DDFA916E0A}.Debug|Any CPU.Build.0 = Debug|Any CPU
		{1CE626DB-5285-418D-AE09-93DDFA916E0A}.Debug|x64.ActiveCfg = Debug|Any CPU
		{1CE626DB-5285-418D-AE09-93DDFA916E0A}.Debug|x64.Build.0 = Debug|Any CPU
		{1CE626DB-5285-418D-AE09-93DDFA916E0A}.Debug|x86.ActiveCfg = Debug|Any CPU
		{1CE626DB-5285-418D-AE09-93DDFA916E0A}.Debug|x86.Build.0 = Debug|Any CPU
		{1CE626DB-5285-418D-AE09-93DDFA916E0A}.Release|Any CPU.ActiveCfg = Release|Any CPU
		{1CE626DB-5285-418D-AE09-93DDFA916E0A}.Release|Any CPU.Build.0 = Release|Any CPU
		{1CE626DB-5285-418D-AE09-93DDFA916E0A}.Release|x64.ActiveCfg = Release|Any CPU
		{1CE626DB-5285-418D-AE09-93DDFA916E0A}.Release|x64.Build.0 = Release|Any CPU
		{1CE626DB-5285-418D-AE09-93DDFA916E0A}.Release|x86.ActiveCfg = Release|Any CPU
		{1CE626DB-5285-418D-AE09-93DDFA916E0A}.Release|x86.Build.0 = Release|Any CPU
		{CBE67E34-6CC8-43B3-A96B-CD7AB80FFE6F}.Debug|Any CPU.ActiveCfg = Debug|Any CPU
		{CBE67E34-6CC8-43B3-A96B-CD7AB80FFE6F}.Debug|Any CPU.Build.0 = Debug|Any CPU
		{CBE67E34-6CC8-43B3-A96B-CD7AB80FFE6F}.Debug|x64.ActiveCfg = Debug|Any CPU
		{CBE67E34-6CC8-43B3-A96B-CD7AB80FFE6F}.Debug|x64.Build.0 = Debug|Any CPU
		{CBE67E34-6CC8-43B3-A96B-CD7AB80FFE6F}.Debug|x86.ActiveCfg = Debug|Any CPU
		{CBE67E34-6CC8-43B3-A96B-CD7AB80FFE6F}.Debug|x86.Build.0 = Debug|Any CPU
		{CBE67E34-6CC8-43B3-A96B-CD7AB80FFE6F}.Release|Any CPU.ActiveCfg = Release|Any CPU
		{CBE67E34-6CC8-43B3-A96B-CD7AB80FFE6F}.Release|Any CPU.Build.0 = Release|Any CPU
		{CBE67E34-6CC8-43B3-A96B-CD7AB80FFE6F}.Release|x64.ActiveCfg = Release|Any CPU
		{CBE67E34-6CC8-43B3-A96B-CD7AB80FFE6F}.Release|x64.Build.0 = Release|Any CPU
		{CBE67E34-6CC8-43B3-A96B-CD7AB80FFE6F}.Release|x86.ActiveCfg = Release|Any CPU
		{CBE67E34-6CC8-43B3-A96B-CD7AB80FFE6F}.Release|x86.Build.0 = Release|Any CPU
		{D1506526-3C4B-42B6-B9C8-C82727E091AA}.Debug|Any CPU.ActiveCfg = Debug|Any CPU
		{D1506526-3C4B-42B6-B9C8-C82727E091AA}.Debug|Any CPU.Build.0 = Debug|Any CPU
		{D1506526-3C4B-42B6-B9C8-C82727E091AA}.Debug|x64.ActiveCfg = Debug|Any CPU
		{D1506526-3C4B-42B6-B9C8-C82727E091AA}.Debug|x64.Build.0 = Debug|Any CPU
		{D1506526-3C4B-42B6-B9C8-C82727E091AA}.Debug|x86.ActiveCfg = Debug|Any CPU
		{D1506526-3C4B-42B6-B9C8-C82727E091AA}.Debug|x86.Build.0 = Debug|Any CPU
		{D1506526-3C4B-42B6-B9C8-C82727E091AA}.Release|Any CPU.ActiveCfg = Release|Any CPU
		{D1506526-3C4B-42B6-B9C8-C82727E091AA}.Release|Any CPU.Build.0 = Release|Any CPU
		{D1506526-3C4B-42B6-B9C8-C82727E091AA}.Release|x64.ActiveCfg = Release|Any CPU
		{D1506526-3C4B-42B6-B9C8-C82727E091AA}.Release|x64.Build.0 = Release|Any CPU
		{D1506526-3C4B-42B6-B9C8-C82727E091AA}.Release|x86.ActiveCfg = Release|Any CPU
		{D1506526-3C4B-42B6-B9C8-C82727E091AA}.Release|x86.Build.0 = Release|Any CPU
		{4CEDB314-1115-4EEF-B9AB-7BB5C2BD712A}.Debug|Any CPU.ActiveCfg = Debug|Any CPU
		{4CEDB314-1115-4EEF-B9AB-7BB5C2BD712A}.Debug|Any CPU.Build.0 = Debug|Any CPU
		{4CEDB314-1115-4EEF-B9AB-7BB5C2BD712A}.Debug|x64.ActiveCfg = Debug|Any CPU
		{4CEDB314-1115-4EEF-B9AB-7BB5C2BD712A}.Debug|x64.Build.0 = Debug|Any CPU
		{4CEDB314-1115-4EEF-B9AB-7BB5C2BD712A}.Debug|x86.ActiveCfg = Debug|Any CPU
		{4CEDB314-1115-4EEF-B9AB-7BB5C2BD712A}.Debug|x86.Build.0 = Debug|Any CPU
		{4CEDB314-1115-4EEF-B9AB-7BB5C2BD712A}.Release|Any CPU.ActiveCfg = Release|Any CPU
		{4CEDB314-1115-4EEF-B9AB-7BB5C2BD712A}.Release|Any CPU.Build.0 = Release|Any CPU
		{4CEDB314-1115-4EEF-B9AB-7BB5C2BD712A}.Release|x64.ActiveCfg = Release|Any CPU
		{4CEDB314-1115-4EEF-B9AB-7BB5C2BD712A}.Release|x64.Build.0 = Release|Any CPU
		{4CEDB314-1115-4EEF-B9AB-7BB5C2BD712A}.Release|x86.ActiveCfg = Release|Any CPU
		{4CEDB314-1115-4EEF-B9AB-7BB5C2BD712A}.Release|x86.Build.0 = Release|Any CPU
		{F34FB0FB-AF67-48B8-BDFB-718BA3FFCDB2}.Debug|Any CPU.ActiveCfg = Debug|Any CPU
		{F34FB0FB-AF67-48B8-BDFB-718BA3FFCDB2}.Debug|Any CPU.Build.0 = Debug|Any CPU
		{F34FB0FB-AF67-48B8-BDFB-718BA3FFCDB2}.Debug|x64.ActiveCfg = Debug|Any CPU
		{F34FB0FB-AF67-48B8-BDFB-718BA3FFCDB2}.Debug|x64.Build.0 = Debug|Any CPU
		{F34FB0FB-AF67-48B8-BDFB-718BA3FFCDB2}.Debug|x86.ActiveCfg = Debug|Any CPU
		{F34FB0FB-AF67-48B8-BDFB-718BA3FFCDB2}.Debug|x86.Build.0 = Debug|Any CPU
		{F34FB0FB-AF67-48B8-BDFB-718BA3FFCDB2}.Release|Any CPU.ActiveCfg = Release|Any CPU
		{F34FB0FB-AF67-48B8-BDFB-718BA3FFCDB2}.Release|Any CPU.Build.0 = Release|Any CPU
		{F34FB0FB-AF67-48B8-BDFB-718BA3FFCDB2}.Release|x64.ActiveCfg = Release|Any CPU
		{F34FB0FB-AF67-48B8-BDFB-718BA3FFCDB2}.Release|x64.Build.0 = Release|Any CPU
		{F34FB0FB-AF67-48B8-BDFB-718BA3FFCDB2}.Release|x86.ActiveCfg = Release|Any CPU
		{F34FB0FB-AF67-48B8-BDFB-718BA3FFCDB2}.Release|x86.Build.0 = Release|Any CPU
	EndGlobalSection
	GlobalSection(SolutionProperties) = preSolution
		HideSolutionNode = FALSE
	EndGlobalSection
	GlobalSection(NestedProjects) = preSolution
		{D3C57789-3D7D-8B0B-EB83-EEDE3EAE72A8} = {8A367DDA-5161-A942-4F09-60E4726C9306}
		{C4378809-C824-FA63-61C3-C4AE637AD50B} = {D3C57789-3D7D-8B0B-EB83-EEDE3EAE72A8}
		{DF722CB7-B109-4D45-86B8-547F4AB1CD74} = {C4378809-C824-FA63-61C3-C4AE637AD50B}
		{2A9FF8C5-B9AB-4D56-9381-2A946EE8223D} = {C4378809-C824-FA63-61C3-C4AE637AD50B}
		{134F9E40-7249-4394-9951-B0FDDE9E8AE8} = {C4378809-C824-FA63-61C3-C4AE637AD50B}
		{BBB86B05-025D-4712-AFDA-ED5D321DCB37} = {C4378809-C824-FA63-61C3-C4AE637AD50B}
		{2A70F31C-5C72-7D46-9845-EE4026926510} = {D3C57789-3D7D-8B0B-EB83-EEDE3EAE72A8}
		{53CF0CA8-7E32-4777-9275-9031E133DD7D} = {2A70F31C-5C72-7D46-9845-EE4026926510}
		{2CEEAE6F-D022-4896-A04E-7A3E95F4D9C2} = {2A70F31C-5C72-7D46-9845-EE4026926510}
		{10CEB48C-1ECC-41D7-B69A-67624BC949F8} = {2A70F31C-5C72-7D46-9845-EE4026926510}
		{BB188636-25FC-412C-A2E1-25EE59444E49} = {2A70F31C-5C72-7D46-9845-EE4026926510}
		{35B47C26-E9C5-5DA2-1E8B-2A3D4E6456B9} = {8A367DDA-5161-A942-4F09-60E4726C9306}
		{DA79879A-6D69-773B-E244-3746ADEF81EB} = {35B47C26-E9C5-5DA2-1E8B-2A3D4E6456B9}
		{9E301FB9-9C06-4303-8FFF-77F6D8802B04} = {DA79879A-6D69-773B-E244-3746ADEF81EB}
		{DB972A23-13E2-4D21-98D2-A2E862BD5789} = {DA79879A-6D69-773B-E244-3746ADEF81EB}
		{BFB6974F-D5C0-4866-8559-3AF79DAD2CC4} = {DA79879A-6D69-773B-E244-3746ADEF81EB}
		{C9473620-7B39-4E55-8F44-4AC278757836} = {DA79879A-6D69-773B-E244-3746ADEF81EB}
		{C0F266E7-F057-DC0D-B583-6ABC88229542} = {8A367DDA-5161-A942-4F09-60E4726C9306}
		{36F82D61-3B92-D88F-2C37-2E60CD41415C} = {C0F266E7-F057-DC0D-B583-6ABC88229542}
		{462C7A7F-F00E-41C4-B882-CC0DAF59C314} = {36F82D61-3B92-D88F-2C37-2E60CD41415C}
		{3A3C1941-333E-4310-9274-1B64B1EE8D5F} = {36F82D61-3B92-D88F-2C37-2E60CD41415C}
		{A644DA95-A238-4C4C-8394-D4897DB32458} = {36F82D61-3B92-D88F-2C37-2E60CD41415C}
		{00DE8579-5008-4BCD-B909-3E147471F76E} = {36F82D61-3B92-D88F-2C37-2E60CD41415C}
		{BD8D70B4-8783-9CDE-4928-87A75EE4AA3F} = {8A367DDA-5161-A942-4F09-60E4726C9306}
		{38C12210-34DE-1CE0-274E-81AE92205607} = {BD8D70B4-8783-9CDE-4928-87A75EE4AA3F}
		{E26C94DA-4A5F-47ED-BABB-25D1981DA01A} = {38C12210-34DE-1CE0-274E-81AE92205607}
		{87901469-3D09-4C9B-9BE0-4844BCEB095E} = {38C12210-34DE-1CE0-274E-81AE92205607}
		{E897EBF6-1792-4343-ADA3-3652C81C841C} = {38C12210-34DE-1CE0-274E-81AE92205607}
		{35962A74-8EC7-46FD-B34E-4B8B24A3AD5C} = {38C12210-34DE-1CE0-274E-81AE92205607}
		{81D0A65F-4FFC-5A1F-D290-1D0321A260B3} = {35B47C26-E9C5-5DA2-1E8B-2A3D4E6456B9}
		{36FC3504-BD59-46BA-940D-E8FA1B510F68} = {81D0A65F-4FFC-5A1F-D290-1D0321A260B3}
		{09348F4C-D5E3-EE9B-4F91-41112B18C921} = {C0F266E7-F057-DC0D-B583-6ABC88229542}
		{1CE626DB-5285-418D-AE09-93DDFA916E0A} = {09348F4C-D5E3-EE9B-4F91-41112B18C921}
		{ACE97FBE-E5CE-D56B-9B6E-FFB3CDBB27EC} = {BD8D70B4-8783-9CDE-4928-87A75EE4AA3F}
		{CBE67E34-6CC8-43B3-A96B-CD7AB80FFE6F} = {ACE97FBE-E5CE-D56B-9B6E-FFB3CDBB27EC}
		{D1506526-3C4B-42B6-B9C8-C82727E091AA} = {ACE97FBE-E5CE-D56B-9B6E-FFB3CDBB27EC}
		{4CEDB314-1115-4EEF-B9AB-7BB5C2BD712A} = {81D0A65F-4FFC-5A1F-D290-1D0321A260B3}
		{F34FB0FB-AF67-48B8-BDFB-718BA3FFCDB2} = {09348F4C-D5E3-EE9B-4F91-41112B18C921}
	EndGlobalSection
	GlobalSection(ExtensibilityGlobals) = postSolution
		SolutionGuid = {3CB609D9-5D54-4C11-A371-DAAC8B74E430}
	EndGlobalSection
EndGlobal
