
Microsoft Visual Studio Solution File, Format Version 12.00
# Visual Studio Version 17
VisualStudioVersion = 17.0.31903.59
MinimumVisualStudioVersion = 10.0.40219.1
Project("{9A19103F-16F7-4668-BE54-9A1E7A4F7556}") = "Domain", "src\Domain\Domain.csproj", "{C7E89A3E-A631-4760-8D61-BD1EAB1C4E69}"
EndProject
Project("{9A19103F-16F7-4668-BE54-9A1E7A4F7556}") = "Application", "src\Application\Application.csproj", "{34C0FACD-F3D9-400C-8945-554DD6B0819A}"
EndProject
Project("{9A19103F-16F7-4668-BE54-9A1E7A4F7556}") = "Infrastructure", "src\Infrastructure\Infrastructure.csproj", "{117DA02F-5274-4565-ACC6-DA9B6E568B09}"
EndProject
Project("{2150E333-8FDC-42A3-9474-1A3956D46DE8}") = "src", "src", "{6ED356A7-8B47-4613-AD01-C85CF28491BD}"
EndProject
Project("{2150E333-8FDC-42A3-9474-1A3956D46DE8}") = "tests", "tests", "{664D406C-2F83-48F0-BFC3-408D5CB53C65}"
EndProject
Project("{9A19103F-16F7-4668-BE54-9A1E7A4F7556}") = "Application.UnitTests", "tests\Application.UnitTests\Application.UnitTests.csproj", "{DEFF4009-1FAB-4392-80B6-707E2DC5C00B}"
EndProject
Project("{9A19103F-16F7-4668-BE54-9A1E7A4F7556}") = "Domain.UnitTests", "tests\Domain.UnitTests\Domain.UnitTests.csproj", "{DC37FD87-552C-4613-9F16-1537CA522898}"
EndProject
Project("{2150E333-8FDC-42A3-9474-1A3956D46DE8}") = "Solution Items", "Solution Items", "{E2DA20AA-28D1-455C-BF50-C49A8F831633}"
	ProjectSection(SolutionItems) = preProject
		.editorconfig = .editorconfig
		.gitignore = .gitignore
		Directory.Build.props = Directory.Build.props
		Directory.Packages.props = Directory.Packages.props
		global.json = global.json
		README.md = README.md
	EndProjectSection
EndProject
Project("{9A19103F-16F7-4668-BE54-9A1E7A4F7556}") = "Web", "src\Web\Web.csproj", "{4E4EE20C-F06A-4A1B-851F-C5577796941C}"
EndProject
Project("{9A19103F-16F7-4668-BE54-9A1E7A4F7556}") = "Application.FunctionalTests", "tests\Application.FunctionalTests\Application.FunctionalTests.csproj", "{EA6127A5-94C9-4C31-AD11-E6811B92B520}"
EndProject
Project("{9A19103F-16F7-4668-BE54-9A1E7A4F7556}") = "Infrastructure.IntegrationTests", "tests\Infrastructure.IntegrationTests\Infrastructure.IntegrationTests.csproj", "{01FA6786-921D-4CE8-8C50-4FDA66C9477D}"
EndProject
Project("{2150E333-8FDC-42A3-9474-1A3956D46DE8}") = "MicroServices", "MicroServices", "{8A367DDA-5161-A942-4F09-60E4726C9306}"
EndProject
Project("{2150E333-8FDC-42A3-9474-1A3956D46DE8}") = "Post", "Post", "{BD8D70B4-8783-9CDE-4928-87A75EE4AA3F}"
EndProject
Project("{2150E333-8FDC-42A3-9474-1A3956D46DE8}") = "src", "src", "{38C12210-34DE-1CE0-274E-81AE92205607}"
EndProject
Project("{FAE04EC0-301F-11D3-BF4B-00C04F79EFBC}") = "Post.Application", "MicroServices\Post\src\Post.Application\Post.Application.csproj", "{7A2C9EAE-788C-4E62-9CE1-89A4991187C9}"
EndProject
Project("{FAE04EC0-301F-11D3-BF4B-00C04F79EFBC}") = "Post.Domain", "MicroServices\Post\src\Post.Domain\Post.Domain.csproj", "{AF1D43E9-89D6-481D-AC9A-C096B2511DA9}"
EndProject
Project("{FAE04EC0-301F-11D3-BF4B-00C04F79EFBC}") = "Post.Web", "MicroServices\Post\src\Post.Web\Post.Web.csproj", "{A7F6CCF5-1B75-4769-944A-0F1370DC14EB}"
EndProject
Project("{FAE04EC0-301F-11D3-BF4B-00C04F79EFBC}") = "Post.Infrastructure", "MicroServices\Post\src\Post.Infrastructure\Post.Infrastructure.csproj", "{A8F15010-5130-49A3-A6D0-28B67FEFA345}"
EndProject
Project("{2150E333-8FDC-42A3-9474-1A3956D46DE8}") = "Brand", "Brand", "{35B47C26-E9C5-5DA2-1E8B-2A3D4E6456B9}"
EndProject
Project("{2150E333-8FDC-42A3-9474-1A3956D46DE8}") = "src", "src", "{DA79879A-6D69-773B-E244-3746ADEF81EB}"
EndProject
Project("{FAE04EC0-301F-11D3-BF4B-00C04F79EFBC}") = "Brand.Application", "MicroServices\Brand\src\Brand.Application\Brand.Application.csproj", "{ABF8ADF7-D6FA-454F-BFB8-0496AB84BBA4}"
EndProject
Project("{FAE04EC0-301F-11D3-BF4B-00C04F79EFBC}") = "Brand.Domain", "MicroServices\Brand\src\Brand.Domain\Brand.Domain.csproj", "{E20D8ACF-929F-46C6-97E0-9493D2347FDE}"
EndProject
Project("{FAE04EC0-301F-11D3-BF4B-00C04F79EFBC}") = "Brand.Web", "MicroServices\Brand\src\Brand.Web\Brand.Web.csproj", "{159AAEFA-62AC-4F39-A633-9E9D902B4C5D}"
EndProject
Project("{FAE04EC0-301F-11D3-BF4B-00C04F79EFBC}") = "Brand.Infrastructure", "MicroServices\Brand\src\Brand.Infrastructure\Brand.Infrastructure.csproj", "{E5EC3449-3850-45A4-AAF7-A7AB88CC7F21}"
EndProject
Project("{2150E333-8FDC-42A3-9474-1A3956D46DE8}") = "User", "User", "{C0F266E7-F057-DC0D-B583-6ABC88229542}"
EndProject
Project("{2150E333-8FDC-42A3-9474-1A3956D46DE8}") = "src", "src", "{36F82D61-3B92-D88F-2C37-2E60CD41415C}"
EndProject
Project("{FAE04EC0-301F-11D3-BF4B-00C04F79EFBC}") = "User.Application", "MicroServices\User\src\User.Application\User.Application.csproj", "{9177718A-09AC-49F6-A53E-61BF2D7B4E80}"
EndProject
Project("{FAE04EC0-301F-11D3-BF4B-00C04F79EFBC}") = "User.Domain", "MicroServices\User\src\User.Domain\User.Domain.csproj", "{A395A183-26D2-4C3A-8BE6-07B7B588E8BC}"
EndProject
Project("{FAE04EC0-301F-11D3-BF4B-00C04F79EFBC}") = "User.Web", "MicroServices\User\src\User.Web\User.Web.csproj", "{C4DEEBD4-8BB7-43C8-813E-905CF6538C46}"
EndProject
Project("{FAE04EC0-301F-11D3-BF4B-00C04F79EFBC}") = "User.Infrastructure", "MicroServices\User\src\User.Infrastructure\User.Infrastructure.csproj", "{A4E21DA5-4119-4843-A875-72CD81F36348}"
EndProject
Project("{2150E333-8FDC-42A3-9474-1A3956D46DE8}") = "AutoPost", "AutoPost", "{D3C57789-3D7D-8B0B-EB83-EEDE3EAE72A8}"
EndProject
Project("{2150E333-8FDC-42A3-9474-1A3956D46DE8}") = "src", "src", "{C4378809-C824-FA63-61C3-C4AE637AD50B}"
EndProject
Project("{FAE04EC0-301F-11D3-BF4B-00C04F79EFBC}") = "AutoPost.Application", "MicroServices\AutoPost\src\AutoPost.Application\AutoPost.Application.csproj", "{E0D83F83-2C03-401C-B433-271E9A79003F}"
EndProject
Project("{FAE04EC0-301F-11D3-BF4B-00C04F79EFBC}") = "AutoPost.Domain", "MicroServices\AutoPost\src\AutoPost.Domain\AutoPost.Domain.csproj", "{95F36536-02E2-4FCF-B9ED-A7D671F07730}"
EndProject
Project("{FAE04EC0-301F-11D3-BF4B-00C04F79EFBC}") = "AutoPost.Web", "MicroServices\AutoPost\src\AutoPost.Web\AutoPost.Web.csproj", "{94CF1C5A-0DF4-4BD7-A644-4AA185E37B10}"
EndProject
Project("{FAE04EC0-301F-11D3-BF4B-00C04F79EFBC}") = "AutoPost.Infrastructure", "MicroServices\AutoPost\src\AutoPost.Infrastructure\AutoPost.Infrastructure.csproj", "{CFEC980D-4B13-47B1-B1E9-8DBDA4F934E1}"
EndProject
Global
	GlobalSection(SolutionConfigurationPlatforms) = preSolution
		Debug|Any CPU = Debug|Any CPU
		Debug|x64 = Debug|x64
		Debug|x86 = Debug|x86
		Release|Any CPU = Release|Any CPU
		Release|x64 = Release|x64
		Release|x86 = Release|x86
	EndGlobalSection
	GlobalSection(ProjectConfigurationPlatforms) = postSolution
		{C7E89A3E-A631-4760-8D61-BD1EAB1C4E69}.Debug|Any CPU.ActiveCfg = Debug|Any CPU
		{C7E89A3E-A631-4760-8D61-BD1EAB1C4E69}.Debug|Any CPU.Build.0 = Debug|Any CPU
		{C7E89A3E-A631-4760-8D61-BD1EAB1C4E69}.Debug|x64.ActiveCfg = Debug|Any CPU
		{C7E89A3E-A631-4760-8D61-BD1EAB1C4E69}.Debug|x64.Build.0 = Debug|Any CPU
		{C7E89A3E-A631-4760-8D61-BD1EAB1C4E69}.Debug|x86.ActiveCfg = Debug|Any CPU
		{C7E89A3E-A631-4760-8D61-BD1EAB1C4E69}.Debug|x86.Build.0 = Debug|Any CPU
		{C7E89A3E-A631-4760-8D61-BD1EAB1C4E69}.Release|Any CPU.ActiveCfg = Release|Any CPU
		{C7E89A3E-A631-4760-8D61-BD1EAB1C4E69}.Release|Any CPU.Build.0 = Release|Any CPU
		{C7E89A3E-A631-4760-8D61-BD1EAB1C4E69}.Release|x64.ActiveCfg = Release|Any CPU
		{C7E89A3E-A631-4760-8D61-BD1EAB1C4E69}.Release|x64.Build.0 = Release|Any CPU
		{C7E89A3E-A631-4760-8D61-BD1EAB1C4E69}.Release|x86.ActiveCfg = Release|Any CPU
		{C7E89A3E-A631-4760-8D61-BD1EAB1C4E69}.Release|x86.Build.0 = Release|Any CPU
		{34C0FACD-F3D9-400C-8945-554DD6B0819A}.Debug|Any CPU.ActiveCfg = Debug|Any CPU
		{34C0FACD-F3D9-400C-8945-554DD6B0819A}.Debug|Any CPU.Build.0 = Debug|Any CPU
		{34C0FACD-F3D9-400C-8945-554DD6B0819A}.Debug|x64.ActiveCfg = Debug|Any CPU
		{34C0FACD-F3D9-400C-8945-554DD6B0819A}.Debug|x64.Build.0 = Debug|Any CPU
		{34C0FACD-F3D9-400C-8945-554DD6B0819A}.Debug|x86.ActiveCfg = Debug|Any CPU
		{34C0FACD-F3D9-400C-8945-554DD6B0819A}.Debug|x86.Build.0 = Debug|Any CPU
		{34C0FACD-F3D9-400C-8945-554DD6B0819A}.Release|Any CPU.ActiveCfg = Release|Any CPU
		{34C0FACD-F3D9-400C-8945-554DD6B0819A}.Release|Any CPU.Build.0 = Release|Any CPU
		{34C0FACD-F3D9-400C-8945-554DD6B0819A}.Release|x64.ActiveCfg = Release|Any CPU
		{34C0FACD-F3D9-400C-8945-554DD6B0819A}.Release|x64.Build.0 = Release|Any CPU
		{34C0FACD-F3D9-400C-8945-554DD6B0819A}.Release|x86.ActiveCfg = Release|Any CPU
		{34C0FACD-F3D9-400C-8945-554DD6B0819A}.Release|x86.Build.0 = Release|Any CPU
		{117DA02F-5274-4565-ACC6-DA9B6E568B09}.Debug|Any CPU.ActiveCfg = Debug|Any CPU
		{117DA02F-5274-4565-ACC6-DA9B6E568B09}.Debug|Any CPU.Build.0 = Debug|Any CPU
		{117DA02F-5274-4565-ACC6-DA9B6E568B09}.Debug|x64.ActiveCfg = Debug|Any CPU
		{117DA02F-5274-4565-ACC6-DA9B6E568B09}.Debug|x64.Build.0 = Debug|Any CPU
		{117DA02F-5274-4565-ACC6-DA9B6E568B09}.Debug|x86.ActiveCfg = Debug|Any CPU
		{117DA02F-5274-4565-ACC6-DA9B6E568B09}.Debug|x86.Build.0 = Debug|Any CPU
		{117DA02F-5274-4565-ACC6-DA9B6E568B09}.Release|Any CPU.ActiveCfg = Release|Any CPU
		{117DA02F-5274-4565-ACC6-DA9B6E568B09}.Release|Any CPU.Build.0 = Release|Any CPU
		{117DA02F-5274-4565-ACC6-DA9B6E568B09}.Release|x64.ActiveCfg = Release|Any CPU
		{117DA02F-5274-4565-ACC6-DA9B6E568B09}.Release|x64.Build.0 = Release|Any CPU
		{117DA02F-5274-4565-ACC6-DA9B6E568B09}.Release|x86.ActiveCfg = Release|Any CPU
		{117DA02F-5274-4565-ACC6-DA9B6E568B09}.Release|x86.Build.0 = Release|Any CPU
		{DEFF4009-1FAB-4392-80B6-707E2DC5C00B}.Debug|Any CPU.ActiveCfg = Debug|Any CPU
		{DEFF4009-1FAB-4392-80B6-707E2DC5C00B}.Debug|Any CPU.Build.0 = Debug|Any CPU
		{DEFF4009-1FAB-4392-80B6-707E2DC5C00B}.Debug|x64.ActiveCfg = Debug|Any CPU
		{DEFF4009-1FAB-4392-80B6-707E2DC5C00B}.Debug|x64.Build.0 = Debug|Any CPU
		{DEFF4009-1FAB-4392-80B6-707E2DC5C00B}.Debug|x86.ActiveCfg = Debug|Any CPU
		{DEFF4009-1FAB-4392-80B6-707E2DC5C00B}.Debug|x86.Build.0 = Debug|Any CPU
		{DEFF4009-1FAB-4392-80B6-707E2DC5C00B}.Release|Any CPU.ActiveCfg = Release|Any CPU
		{DEFF4009-1FAB-4392-80B6-707E2DC5C00B}.Release|Any CPU.Build.0 = Release|Any CPU
		{DEFF4009-1FAB-4392-80B6-707E2DC5C00B}.Release|x64.ActiveCfg = Release|Any CPU
		{DEFF4009-1FAB-4392-80B6-707E2DC5C00B}.Release|x64.Build.0 = Release|Any CPU
		{DEFF4009-1FAB-4392-80B6-707E2DC5C00B}.Release|x86.ActiveCfg = Release|Any CPU
		{DEFF4009-1FAB-4392-80B6-707E2DC5C00B}.Release|x86.Build.0 = Release|Any CPU
		{DC37FD87-552C-4613-9F16-1537CA522898}.Debug|Any CPU.ActiveCfg = Debug|Any CPU
		{DC37FD87-552C-4613-9F16-1537CA522898}.Debug|Any CPU.Build.0 = Debug|Any CPU
		{DC37FD87-552C-4613-9F16-1537CA522898}.Debug|x64.ActiveCfg = Debug|Any CPU
		{DC37FD87-552C-4613-9F16-1537CA522898}.Debug|x64.Build.0 = Debug|Any CPU
		{DC37FD87-552C-4613-9F16-1537CA522898}.Debug|x86.ActiveCfg = Debug|Any CPU
		{DC37FD87-552C-4613-9F16-1537CA522898}.Debug|x86.Build.0 = Debug|Any CPU
		{DC37FD87-552C-4613-9F16-1537CA522898}.Release|Any CPU.ActiveCfg = Release|Any CPU
		{DC37FD87-552C-4613-9F16-1537CA522898}.Release|Any CPU.Build.0 = Release|Any CPU
		{DC37FD87-552C-4613-9F16-1537CA522898}.Release|x64.ActiveCfg = Release|Any CPU
		{DC37FD87-552C-4613-9F16-1537CA522898}.Release|x64.Build.0 = Release|Any CPU
		{DC37FD87-552C-4613-9F16-1537CA522898}.Release|x86.ActiveCfg = Release|Any CPU
		{DC37FD87-552C-4613-9F16-1537CA522898}.Release|x86.Build.0 = Release|Any CPU
		{4E4EE20C-F06A-4A1B-851F-C5577796941C}.Debug|Any CPU.ActiveCfg = Debug|Any CPU
		{4E4EE20C-F06A-4A1B-851F-C5577796941C}.Debug|Any CPU.Build.0 = Debug|Any CPU
		{4E4EE20C-F06A-4A1B-851F-C5577796941C}.Debug|x64.ActiveCfg = Debug|Any CPU
		{4E4EE20C-F06A-4A1B-851F-C5577796941C}.Debug|x64.Build.0 = Debug|Any CPU
		{4E4EE20C-F06A-4A1B-851F-C5577796941C}.Debug|x86.ActiveCfg = Debug|Any CPU
		{4E4EE20C-F06A-4A1B-851F-C5577796941C}.Debug|x86.Build.0 = Debug|Any CPU
		{4E4EE20C-F06A-4A1B-851F-C5577796941C}.Release|Any CPU.ActiveCfg = Release|Any CPU
		{4E4EE20C-F06A-4A1B-851F-C5577796941C}.Release|Any CPU.Build.0 = Release|Any CPU
		{4E4EE20C-F06A-4A1B-851F-C5577796941C}.Release|x64.ActiveCfg = Release|Any CPU
		{4E4EE20C-F06A-4A1B-851F-C5577796941C}.Release|x64.Build.0 = Release|Any CPU
		{4E4EE20C-F06A-4A1B-851F-C5577796941C}.Release|x86.ActiveCfg = Release|Any CPU
		{4E4EE20C-F06A-4A1B-851F-C5577796941C}.Release|x86.Build.0 = Release|Any CPU
		{EA6127A5-94C9-4C31-AD11-E6811B92B520}.Debug|Any CPU.ActiveCfg = Debug|Any CPU
		{EA6127A5-94C9-4C31-AD11-E6811B92B520}.Debug|Any CPU.Build.0 = Debug|Any CPU
		{EA6127A5-94C9-4C31-AD11-E6811B92B520}.Debug|x64.ActiveCfg = Debug|Any CPU
		{EA6127A5-94C9-4C31-AD11-E6811B92B520}.Debug|x64.Build.0 = Debug|Any CPU
		{EA6127A5-94C9-4C31-AD11-E6811B92B520}.Debug|x86.ActiveCfg = Debug|Any CPU
		{EA6127A5-94C9-4C31-AD11-E6811B92B520}.Debug|x86.Build.0 = Debug|Any CPU
		{EA6127A5-94C9-4C31-AD11-E6811B92B520}.Release|Any CPU.ActiveCfg = Release|Any CPU
		{EA6127A5-94C9-4C31-AD11-E6811B92B520}.Release|Any CPU.Build.0 = Release|Any CPU
		{EA6127A5-94C9-4C31-AD11-E6811B92B520}.Release|x64.ActiveCfg = Release|Any CPU
		{EA6127A5-94C9-4C31-AD11-E6811B92B520}.Release|x64.Build.0 = Release|Any CPU
		{EA6127A5-94C9-4C31-AD11-E6811B92B520}.Release|x86.ActiveCfg = Release|Any CPU
		{EA6127A5-94C9-4C31-AD11-E6811B92B520}.Release|x86.Build.0 = Release|Any CPU
		{01FA6786-921D-4CE8-8C50-4FDA66C9477D}.Debug|Any CPU.ActiveCfg = Debug|Any CPU
		{01FA6786-921D-4CE8-8C50-4FDA66C9477D}.Debug|Any CPU.Build.0 = Debug|Any CPU
		{01FA6786-921D-4CE8-8C50-4FDA66C9477D}.Debug|x64.ActiveCfg = Debug|Any CPU
		{01FA6786-921D-4CE8-8C50-4FDA66C9477D}.Debug|x64.Build.0 = Debug|Any CPU
		{01FA6786-921D-4CE8-8C50-4FDA66C9477D}.Debug|x86.ActiveCfg = Debug|Any CPU
		{01FA6786-921D-4CE8-8C50-4FDA66C9477D}.Debug|x86.Build.0 = Debug|Any CPU
		{01FA6786-921D-4CE8-8C50-4FDA66C9477D}.Release|Any CPU.ActiveCfg = Release|Any CPU
		{01FA6786-921D-4CE8-8C50-4FDA66C9477D}.Release|Any CPU.Build.0 = Release|Any CPU
		{01FA6786-921D-4CE8-8C50-4FDA66C9477D}.Release|x64.ActiveCfg = Release|Any CPU
		{01FA6786-921D-4CE8-8C50-4FDA66C9477D}.Release|x64.Build.0 = Release|Any CPU
		{01FA6786-921D-4CE8-8C50-4FDA66C9477D}.Release|x86.ActiveCfg = Release|Any CPU
		{01FA6786-921D-4CE8-8C50-4FDA66C9477D}.Release|x86.Build.0 = Release|Any CPU
		{7A2C9EAE-788C-4E62-9CE1-89A4991187C9}.Debug|Any CPU.ActiveCfg = Debug|Any CPU
		{7A2C9EAE-788C-4E62-9CE1-89A4991187C9}.Debug|Any CPU.Build.0 = Debug|Any CPU
		{7A2C9EAE-788C-4E62-9CE1-89A4991187C9}.Debug|x64.ActiveCfg = Debug|Any CPU
		{7A2C9EAE-788C-4E62-9CE1-89A4991187C9}.Debug|x64.Build.0 = Debug|Any CPU
		{7A2C9EAE-788C-4E62-9CE1-89A4991187C9}.Debug|x86.ActiveCfg = Debug|Any CPU
		{7A2C9EAE-788C-4E62-9CE1-89A4991187C9}.Debug|x86.Build.0 = Debug|Any CPU
		{7A2C9EAE-788C-4E62-9CE1-89A4991187C9}.Release|Any CPU.ActiveCfg = Release|Any CPU
		{7A2C9EAE-788C-4E62-9CE1-89A4991187C9}.Release|Any CPU.Build.0 = Release|Any CPU
		{7A2C9EAE-788C-4E62-9CE1-89A4991187C9}.Release|x64.ActiveCfg = Release|Any CPU
		{7A2C9EAE-788C-4E62-9CE1-89A4991187C9}.Release|x64.Build.0 = Release|Any CPU
		{7A2C9EAE-788C-4E62-9CE1-89A4991187C9}.Release|x86.ActiveCfg = Release|Any CPU
		{7A2C9EAE-788C-4E62-9CE1-89A4991187C9}.Release|x86.Build.0 = Release|Any CPU
		{AF1D43E9-89D6-481D-AC9A-C096B2511DA9}.Debug|Any CPU.ActiveCfg = Debug|Any CPU
		{AF1D43E9-89D6-481D-AC9A-C096B2511DA9}.Debug|Any CPU.Build.0 = Debug|Any CPU
		{AF1D43E9-89D6-481D-AC9A-C096B2511DA9}.Debug|x64.ActiveCfg = Debug|Any CPU
		{AF1D43E9-89D6-481D-AC9A-C096B2511DA9}.Debug|x64.Build.0 = Debug|Any CPU
		{AF1D43E9-89D6-481D-AC9A-C096B2511DA9}.Debug|x86.ActiveCfg = Debug|Any CPU
		{AF1D43E9-89D6-481D-AC9A-C096B2511DA9}.Debug|x86.Build.0 = Debug|Any CPU
		{AF1D43E9-89D6-481D-AC9A-C096B2511DA9}.Release|Any CPU.ActiveCfg = Release|Any CPU
		{AF1D43E9-89D6-481D-AC9A-C096B2511DA9}.Release|Any CPU.Build.0 = Release|Any CPU
		{AF1D43E9-89D6-481D-AC9A-C096B2511DA9}.Release|x64.ActiveCfg = Release|Any CPU
		{AF1D43E9-89D6-481D-AC9A-C096B2511DA9}.Release|x64.Build.0 = Release|Any CPU
		{AF1D43E9-89D6-481D-AC9A-C096B2511DA9}.Release|x86.ActiveCfg = Release|Any CPU
		{AF1D43E9-89D6-481D-AC9A-C096B2511DA9}.Release|x86.Build.0 = Release|Any CPU
		{A7F6CCF5-1B75-4769-944A-0F1370DC14EB}.Debug|Any CPU.ActiveCfg = Debug|Any CPU
		{A7F6CCF5-1B75-4769-944A-0F1370DC14EB}.Debug|Any CPU.Build.0 = Debug|Any CPU
		{A7F6CCF5-1B75-4769-944A-0F1370DC14EB}.Debug|x64.ActiveCfg = Debug|Any CPU
		{A7F6CCF5-1B75-4769-944A-0F1370DC14EB}.Debug|x64.Build.0 = Debug|Any CPU
		{A7F6CCF5-1B75-4769-944A-0F1370DC14EB}.Debug|x86.ActiveCfg = Debug|Any CPU
		{A7F6CCF5-1B75-4769-944A-0F1370DC14EB}.Debug|x86.Build.0 = Debug|Any CPU
		{A7F6CCF5-1B75-4769-944A-0F1370DC14EB}.Release|Any CPU.ActiveCfg = Release|Any CPU
		{A7F6CCF5-1B75-4769-944A-0F1370DC14EB}.Release|Any CPU.Build.0 = Release|Any CPU
		{A7F6CCF5-1B75-4769-944A-0F1370DC14EB}.Release|x64.ActiveCfg = Release|Any CPU
		{A7F6CCF5-1B75-4769-944A-0F1370DC14EB}.Release|x64.Build.0 = Release|Any CPU
		{A7F6CCF5-1B75-4769-944A-0F1370DC14EB}.Release|x86.ActiveCfg = Release|Any CPU
		{A7F6CCF5-1B75-4769-944A-0F1370DC14EB}.Release|x86.Build.0 = Release|Any CPU
		{A8F15010-5130-49A3-A6D0-28B67FEFA345}.Debug|Any CPU.ActiveCfg = Debug|Any CPU
		{A8F15010-5130-49A3-A6D0-28B67FEFA345}.Debug|Any CPU.Build.0 = Debug|Any CPU
		{A8F15010-5130-49A3-A6D0-28B67FEFA345}.Debug|x64.ActiveCfg = Debug|Any CPU
		{A8F15010-5130-49A3-A6D0-28B67FEFA345}.Debug|x64.Build.0 = Debug|Any CPU
		{A8F15010-5130-49A3-A6D0-28B67FEFA345}.Debug|x86.ActiveCfg = Debug|Any CPU
		{A8F15010-5130-49A3-A6D0-28B67FEFA345}.Debug|x86.Build.0 = Debug|Any CPU
		{A8F15010-5130-49A3-A6D0-28B67FEFA345}.Release|Any CPU.ActiveCfg = Release|Any CPU
		{A8F15010-5130-49A3-A6D0-28B67FEFA345}.Release|Any CPU.Build.0 = Release|Any CPU
		{A8F15010-5130-49A3-A6D0-28B67FEFA345}.Release|x64.ActiveCfg = Release|Any CPU
		{A8F15010-5130-49A3-A6D0-28B67FEFA345}.Release|x64.Build.0 = Release|Any CPU
		{A8F15010-5130-49A3-A6D0-28B67FEFA345}.Release|x86.ActiveCfg = Release|Any CPU
		{A8F15010-5130-49A3-A6D0-28B67FEFA345}.Release|x86.Build.0 = Release|Any CPU
		{ABF8ADF7-D6FA-454F-BFB8-0496AB84BBA4}.Debug|Any CPU.ActiveCfg = Debug|Any CPU
		{ABF8ADF7-D6FA-454F-BFB8-0496AB84BBA4}.Debug|Any CPU.Build.0 = Debug|Any CPU
		{ABF8ADF7-D6FA-454F-BFB8-0496AB84BBA4}.Debug|x64.ActiveCfg = Debug|Any CPU
		{ABF8ADF7-D6FA-454F-BFB8-0496AB84BBA4}.Debug|x64.Build.0 = Debug|Any CPU
		{ABF8ADF7-D6FA-454F-BFB8-0496AB84BBA4}.Debug|x86.ActiveCfg = Debug|Any CPU
		{ABF8ADF7-D6FA-454F-BFB8-0496AB84BBA4}.Debug|x86.Build.0 = Debug|Any CPU
		{ABF8ADF7-D6FA-454F-BFB8-0496AB84BBA4}.Release|Any CPU.ActiveCfg = Release|Any CPU
		{ABF8ADF7-D6FA-454F-BFB8-0496AB84BBA4}.Release|Any CPU.Build.0 = Release|Any CPU
		{ABF8ADF7-D6FA-454F-BFB8-0496AB84BBA4}.Release|x64.ActiveCfg = Release|Any CPU
		{ABF8ADF7-D6FA-454F-BFB8-0496AB84BBA4}.Release|x64.Build.0 = Release|Any CPU
		{ABF8ADF7-D6FA-454F-BFB8-0496AB84BBA4}.Release|x86.ActiveCfg = Release|Any CPU
		{ABF8ADF7-D6FA-454F-BFB8-0496AB84BBA4}.Release|x86.Build.0 = Release|Any CPU
		{E20D8ACF-929F-46C6-97E0-9493D2347FDE}.Debug|Any CPU.ActiveCfg = Debug|Any CPU
		{E20D8ACF-929F-46C6-97E0-9493D2347FDE}.Debug|Any CPU.Build.0 = Debug|Any CPU
		{E20D8ACF-929F-46C6-97E0-9493D2347FDE}.Debug|x64.ActiveCfg = Debug|Any CPU
		{E20D8ACF-929F-46C6-97E0-9493D2347FDE}.Debug|x64.Build.0 = Debug|Any CPU
		{E20D8ACF-929F-46C6-97E0-9493D2347FDE}.Debug|x86.ActiveCfg = Debug|Any CPU
		{E20D8ACF-929F-46C6-97E0-9493D2347FDE}.Debug|x86.Build.0 = Debug|Any CPU
		{E20D8ACF-929F-46C6-97E0-9493D2347FDE}.Release|Any CPU.ActiveCfg = Release|Any CPU
		{E20D8ACF-929F-46C6-97E0-9493D2347FDE}.Release|Any CPU.Build.0 = Release|Any CPU
		{E20D8ACF-929F-46C6-97E0-9493D2347FDE}.Release|x64.ActiveCfg = Release|Any CPU
		{E20D8ACF-929F-46C6-97E0-9493D2347FDE}.Release|x64.Build.0 = Release|Any CPU
		{E20D8ACF-929F-46C6-97E0-9493D2347FDE}.Release|x86.ActiveCfg = Release|Any CPU
		{E20D8ACF-929F-46C6-97E0-9493D2347FDE}.Release|x86.Build.0 = Release|Any CPU
		{159AAEFA-62AC-4F39-A633-9E9D902B4C5D}.Debug|Any CPU.ActiveCfg = Debug|Any CPU
		{159AAEFA-62AC-4F39-A633-9E9D902B4C5D}.Debug|Any CPU.Build.0 = Debug|Any CPU
		{159AAEFA-62AC-4F39-A633-9E9D902B4C5D}.Debug|x64.ActiveCfg = Debug|Any CPU
		{159AAEFA-62AC-4F39-A633-9E9D902B4C5D}.Debug|x64.Build.0 = Debug|Any CPU
		{159AAEFA-62AC-4F39-A633-9E9D902B4C5D}.Debug|x86.ActiveCfg = Debug|Any CPU
		{159AAEFA-62AC-4F39-A633-9E9D902B4C5D}.Debug|x86.Build.0 = Debug|Any CPU
		{159AAEFA-62AC-4F39-A633-9E9D902B4C5D}.Release|Any CPU.ActiveCfg = Release|Any CPU
		{159AAEFA-62AC-4F39-A633-9E9D902B4C5D}.Release|Any CPU.Build.0 = Release|Any CPU
		{159AAEFA-62AC-4F39-A633-9E9D902B4C5D}.Release|x64.ActiveCfg = Release|Any CPU
		{159AAEFA-62AC-4F39-A633-9E9D902B4C5D}.Release|x64.Build.0 = Release|Any CPU
		{159AAEFA-62AC-4F39-A633-9E9D902B4C5D}.Release|x86.ActiveCfg = Release|Any CPU
		{159AAEFA-62AC-4F39-A633-9E9D902B4C5D}.Release|x86.Build.0 = Release|Any CPU
		{E5EC3449-3850-45A4-AAF7-A7AB88CC7F21}.Debug|Any CPU.ActiveCfg = Debug|Any CPU
		{E5EC3449-3850-45A4-AAF7-A7AB88CC7F21}.Debug|Any CPU.Build.0 = Debug|Any CPU
		{E5EC3449-3850-45A4-AAF7-A7AB88CC7F21}.Debug|x64.ActiveCfg = Debug|Any CPU
		{E5EC3449-3850-45A4-AAF7-A7AB88CC7F21}.Debug|x64.Build.0 = Debug|Any CPU
		{E5EC3449-3850-45A4-AAF7-A7AB88CC7F21}.Debug|x86.ActiveCfg = Debug|Any CPU
		{E5EC3449-3850-45A4-AAF7-A7AB88CC7F21}.Debug|x86.Build.0 = Debug|Any CPU
		{E5EC3449-3850-45A4-AAF7-A7AB88CC7F21}.Release|Any CPU.ActiveCfg = Release|Any CPU
		{E5EC3449-3850-45A4-AAF7-A7AB88CC7F21}.Release|Any CPU.Build.0 = Release|Any CPU
		{E5EC3449-3850-45A4-AAF7-A7AB88CC7F21}.Release|x64.ActiveCfg = Release|Any CPU
		{E5EC3449-3850-45A4-AAF7-A7AB88CC7F21}.Release|x64.Build.0 = Release|Any CPU
		{E5EC3449-3850-45A4-AAF7-A7AB88CC7F21}.Release|x86.ActiveCfg = Release|Any CPU
		{E5EC3449-3850-45A4-AAF7-A7AB88CC7F21}.Release|x86.Build.0 = Release|Any CPU
		{9177718A-09AC-49F6-A53E-61BF2D7B4E80}.Debug|Any CPU.ActiveCfg = Debug|Any CPU
		{9177718A-09AC-49F6-A53E-61BF2D7B4E80}.Debug|Any CPU.Build.0 = Debug|Any CPU
		{9177718A-09AC-49F6-A53E-61BF2D7B4E80}.Debug|x64.ActiveCfg = Debug|Any CPU
		{9177718A-09AC-49F6-A53E-61BF2D7B4E80}.Debug|x64.Build.0 = Debug|Any CPU
		{9177718A-09AC-49F6-A53E-61BF2D7B4E80}.Debug|x86.ActiveCfg = Debug|Any CPU
		{9177718A-09AC-49F6-A53E-61BF2D7B4E80}.Debug|x86.Build.0 = Debug|Any CPU
		{9177718A-09AC-49F6-A53E-61BF2D7B4E80}.Release|Any CPU.ActiveCfg = Release|Any CPU
		{9177718A-09AC-49F6-A53E-61BF2D7B4E80}.Release|Any CPU.Build.0 = Release|Any CPU
		{9177718A-09AC-49F6-A53E-61BF2D7B4E80}.Release|x64.ActiveCfg = Release|Any CPU
		{9177718A-09AC-49F6-A53E-61BF2D7B4E80}.Release|x64.Build.0 = Release|Any CPU
		{9177718A-09AC-49F6-A53E-61BF2D7B4E80}.Release|x86.ActiveCfg = Release|Any CPU
		{9177718A-09AC-49F6-A53E-61BF2D7B4E80}.Release|x86.Build.0 = Release|Any CPU
		{A395A183-26D2-4C3A-8BE6-07B7B588E8BC}.Debug|Any CPU.ActiveCfg = Debug|Any CPU
		{A395A183-26D2-4C3A-8BE6-07B7B588E8BC}.Debug|Any CPU.Build.0 = Debug|Any CPU
		{A395A183-26D2-4C3A-8BE6-07B7B588E8BC}.Debug|x64.ActiveCfg = Debug|Any CPU
		{A395A183-26D2-4C3A-8BE6-07B7B588E8BC}.Debug|x64.Build.0 = Debug|Any CPU
		{A395A183-26D2-4C3A-8BE6-07B7B588E8BC}.Debug|x86.ActiveCfg = Debug|Any CPU
		{A395A183-26D2-4C3A-8BE6-07B7B588E8BC}.Debug|x86.Build.0 = Debug|Any CPU
		{A395A183-26D2-4C3A-8BE6-07B7B588E8BC}.Release|Any CPU.ActiveCfg = Release|Any CPU
		{A395A183-26D2-4C3A-8BE6-07B7B588E8BC}.Release|Any CPU.Build.0 = Release|Any CPU
		{A395A183-26D2-4C3A-8BE6-07B7B588E8BC}.Release|x64.ActiveCfg = Release|Any CPU
		{A395A183-26D2-4C3A-8BE6-07B7B588E8BC}.Release|x64.Build.0 = Release|Any CPU
		{A395A183-26D2-4C3A-8BE6-07B7B588E8BC}.Release|x86.ActiveCfg = Release|Any CPU
		{A395A183-26D2-4C3A-8BE6-07B7B588E8BC}.Release|x86.Build.0 = Release|Any CPU
		{C4DEEBD4-8BB7-43C8-813E-905CF6538C46}.Debug|Any CPU.ActiveCfg = Debug|Any CPU
		{C4DEEBD4-8BB7-43C8-813E-905CF6538C46}.Debug|Any CPU.Build.0 = Debug|Any CPU
		{C4DEEBD4-8BB7-43C8-813E-905CF6538C46}.Debug|x64.ActiveCfg = Debug|Any CPU
		{C4DEEBD4-8BB7-43C8-813E-905CF6538C46}.Debug|x64.Build.0 = Debug|Any CPU
		{C4DEEBD4-8BB7-43C8-813E-905CF6538C46}.Debug|x86.ActiveCfg = Debug|Any CPU
		{C4DEEBD4-8BB7-43C8-813E-905CF6538C46}.Debug|x86.Build.0 = Debug|Any CPU
		{C4DEEBD4-8BB7-43C8-813E-905CF6538C46}.Release|Any CPU.ActiveCfg = Release|Any CPU
		{C4DEEBD4-8BB7-43C8-813E-905CF6538C46}.Release|Any CPU.Build.0 = Release|Any CPU
		{C4DEEBD4-8BB7-43C8-813E-905CF6538C46}.Release|x64.ActiveCfg = Release|Any CPU
		{C4DEEBD4-8BB7-43C8-813E-905CF6538C46}.Release|x64.Build.0 = Release|Any CPU
		{C4DEEBD4-8BB7-43C8-813E-905CF6538C46}.Release|x86.ActiveCfg = Release|Any CPU
		{C4DEEBD4-8BB7-43C8-813E-905CF6538C46}.Release|x86.Build.0 = Release|Any CPU
		{A4E21DA5-4119-4843-A875-72CD81F36348}.Debug|Any CPU.ActiveCfg = Debug|Any CPU
		{A4E21DA5-4119-4843-A875-72CD81F36348}.Debug|Any CPU.Build.0 = Debug|Any CPU
		{A4E21DA5-4119-4843-A875-72CD81F36348}.Debug|x64.ActiveCfg = Debug|Any CPU
		{A4E21DA5-4119-4843-A875-72CD81F36348}.Debug|x64.Build.0 = Debug|Any CPU
		{A4E21DA5-4119-4843-A875-72CD81F36348}.Debug|x86.ActiveCfg = Debug|Any CPU
		{A4E21DA5-4119-4843-A875-72CD81F36348}.Debug|x86.Build.0 = Debug|Any CPU
		{A4E21DA5-4119-4843-A875-72CD81F36348}.Release|Any CPU.ActiveCfg = Release|Any CPU
		{A4E21DA5-4119-4843-A875-72CD81F36348}.Release|Any CPU.Build.0 = Release|Any CPU
		{A4E21DA5-4119-4843-A875-72CD81F36348}.Release|x64.ActiveCfg = Release|Any CPU
		{A4E21DA5-4119-4843-A875-72CD81F36348}.Release|x64.Build.0 = Release|Any CPU
		{A4E21DA5-4119-4843-A875-72CD81F36348}.Release|x86.ActiveCfg = Release|Any CPU
		{A4E21DA5-4119-4843-A875-72CD81F36348}.Release|x86.Build.0 = Release|Any CPU
		{E0D83F83-2C03-401C-B433-271E9A79003F}.Debug|Any CPU.ActiveCfg = Debug|Any CPU
		{E0D83F83-2C03-401C-B433-271E9A79003F}.Debug|Any CPU.Build.0 = Debug|Any CPU
		{E0D83F83-2C03-401C-B433-271E9A79003F}.Debug|x64.ActiveCfg = Debug|Any CPU
		{E0D83F83-2C03-401C-B433-271E9A79003F}.Debug|x64.Build.0 = Debug|Any CPU
		{E0D83F83-2C03-401C-B433-271E9A79003F}.Debug|x86.ActiveCfg = Debug|Any CPU
		{E0D83F83-2C03-401C-B433-271E9A79003F}.Debug|x86.Build.0 = Debug|Any CPU
		{E0D83F83-2C03-401C-B433-271E9A79003F}.Release|Any CPU.ActiveCfg = Release|Any CPU
		{E0D83F83-2C03-401C-B433-271E9A79003F}.Release|Any CPU.Build.0 = Release|Any CPU
		{E0D83F83-2C03-401C-B433-271E9A79003F}.Release|x64.ActiveCfg = Release|Any CPU
		{E0D83F83-2C03-401C-B433-271E9A79003F}.Release|x64.Build.0 = Release|Any CPU
		{E0D83F83-2C03-401C-B433-271E9A79003F}.Release|x86.ActiveCfg = Release|Any CPU
		{E0D83F83-2C03-401C-B433-271E9A79003F}.Release|x86.Build.0 = Release|Any CPU
		{95F36536-02E2-4FCF-B9ED-A7D671F07730}.Debug|Any CPU.ActiveCfg = Debug|Any CPU
		{95F36536-02E2-4FCF-B9ED-A7D671F07730}.Debug|Any CPU.Build.0 = Debug|Any CPU
		{95F36536-02E2-4FCF-B9ED-A7D671F07730}.Debug|x64.ActiveCfg = Debug|Any CPU
		{95F36536-02E2-4FCF-B9ED-A7D671F07730}.Debug|x64.Build.0 = Debug|Any CPU
		{95F36536-02E2-4FCF-B9ED-A7D671F07730}.Debug|x86.ActiveCfg = Debug|Any CPU
		{95F36536-02E2-4FCF-B9ED-A7D671F07730}.Debug|x86.Build.0 = Debug|Any CPU
		{95F36536-02E2-4FCF-B9ED-A7D671F07730}.Release|Any CPU.ActiveCfg = Release|Any CPU
		{95F36536-02E2-4FCF-B9ED-A7D671F07730}.Release|Any CPU.Build.0 = Release|Any CPU
		{95F36536-02E2-4FCF-B9ED-A7D671F07730}.Release|x64.ActiveCfg = Release|Any CPU
		{95F36536-02E2-4FCF-B9ED-A7D671F07730}.Release|x64.Build.0 = Release|Any CPU
		{95F36536-02E2-4FCF-B9ED-A7D671F07730}.Release|x86.ActiveCfg = Release|Any CPU
		{95F36536-02E2-4FCF-B9ED-A7D671F07730}.Release|x86.Build.0 = Release|Any CPU
		{94CF1C5A-0DF4-4BD7-A644-4AA185E37B10}.Debug|Any CPU.ActiveCfg = Debug|Any CPU
		{94CF1C5A-0DF4-4BD7-A644-4AA185E37B10}.Debug|Any CPU.Build.0 = Debug|Any CPU
		{94CF1C5A-0DF4-4BD7-A644-4AA185E37B10}.Debug|x64.ActiveCfg = Debug|Any CPU
		{94CF1C5A-0DF4-4BD7-A644-4AA185E37B10}.Debug|x64.Build.0 = Debug|Any CPU
		{94CF1C5A-0DF4-4BD7-A644-4AA185E37B10}.Debug|x86.ActiveCfg = Debug|Any CPU
		{94CF1C5A-0DF4-4BD7-A644-4AA185E37B10}.Debug|x86.Build.0 = Debug|Any CPU
		{94CF1C5A-0DF4-4BD7-A644-4AA185E37B10}.Release|Any CPU.ActiveCfg = Release|Any CPU
		{94CF1C5A-0DF4-4BD7-A644-4AA185E37B10}.Release|Any CPU.Build.0 = Release|Any CPU
		{94CF1C5A-0DF4-4BD7-A644-4AA185E37B10}.Release|x64.ActiveCfg = Release|Any CPU
		{94CF1C5A-0DF4-4BD7-A644-4AA185E37B10}.Release|x64.Build.0 = Release|Any CPU
		{94CF1C5A-0DF4-4BD7-A644-4AA185E37B10}.Release|x86.ActiveCfg = Release|Any CPU
		{94CF1C5A-0DF4-4BD7-A644-4AA185E37B10}.Release|x86.Build.0 = Release|Any CPU
		{CFEC980D-4B13-47B1-B1E9-8DBDA4F934E1}.Debug|Any CPU.ActiveCfg = Debug|Any CPU
		{CFEC980D-4B13-47B1-B1E9-8DBDA4F934E1}.Debug|Any CPU.Build.0 = Debug|Any CPU
		{CFEC980D-4B13-47B1-B1E9-8DBDA4F934E1}.Debug|x64.ActiveCfg = Debug|Any CPU
		{CFEC980D-4B13-47B1-B1E9-8DBDA4F934E1}.Debug|x64.Build.0 = Debug|Any CPU
		{CFEC980D-4B13-47B1-B1E9-8DBDA4F934E1}.Debug|x86.ActiveCfg = Debug|Any CPU
		{CFEC980D-4B13-47B1-B1E9-8DBDA4F934E1}.Debug|x86.Build.0 = Debug|Any CPU
		{CFEC980D-4B13-47B1-B1E9-8DBDA4F934E1}.Release|Any CPU.ActiveCfg = Release|Any CPU
		{CFEC980D-4B13-47B1-B1E9-8DBDA4F934E1}.Release|Any CPU.Build.0 = Release|Any CPU
		{CFEC980D-4B13-47B1-B1E9-8DBDA4F934E1}.Release|x64.ActiveCfg = Release|Any CPU
		{CFEC980D-4B13-47B1-B1E9-8DBDA4F934E1}.Release|x64.Build.0 = Release|Any CPU
		{CFEC980D-4B13-47B1-B1E9-8DBDA4F934E1}.Release|x86.ActiveCfg = Release|Any CPU
		{CFEC980D-4B13-47B1-B1E9-8DBDA4F934E1}.Release|x86.Build.0 = Release|Any CPU
	EndGlobalSection
	GlobalSection(SolutionProperties) = preSolution
		HideSolutionNode = FALSE
	EndGlobalSection
	GlobalSection(NestedProjects) = preSolution
		{C7E89A3E-A631-4760-8D61-BD1EAB1C4E69} = {6ED356A7-8B47-4613-AD01-C85CF28491BD}
		{34C0FACD-F3D9-400C-8945-554DD6B0819A} = {6ED356A7-8B47-4613-AD01-C85CF28491BD}
		{117DA02F-5274-4565-ACC6-DA9B6E568B09} = {6ED356A7-8B47-4613-AD01-C85CF28491BD}
		{DEFF4009-1FAB-4392-80B6-707E2DC5C00B} = {664D406C-2F83-48F0-BFC3-408D5CB53C65}
		{DC37FD87-552C-4613-9F16-1537CA522898} = {664D406C-2F83-48F0-BFC3-408D5CB53C65}
		{4E4EE20C-F06A-4A1B-851F-C5577796941C} = {6ED356A7-8B47-4613-AD01-C85CF28491BD}
		{EA6127A5-94C9-4C31-AD11-E6811B92B520} = {664D406C-2F83-48F0-BFC3-408D5CB53C65}
		{01FA6786-921D-4CE8-8C50-4FDA66C9477D} = {664D406C-2F83-48F0-BFC3-408D5CB53C65}
		{BD8D70B4-8783-9CDE-4928-87A75EE4AA3F} = {8A367DDA-5161-A942-4F09-60E4726C9306}
		{38C12210-34DE-1CE0-274E-81AE92205607} = {BD8D70B4-8783-9CDE-4928-87A75EE4AA3F}
		{7A2C9EAE-788C-4E62-9CE1-89A4991187C9} = {38C12210-34DE-1CE0-274E-81AE92205607}
		{AF1D43E9-89D6-481D-AC9A-C096B2511DA9} = {38C12210-34DE-1CE0-274E-81AE92205607}
		{A7F6CCF5-1B75-4769-944A-0F1370DC14EB} = {38C12210-34DE-1CE0-274E-81AE92205607}
		{A8F15010-5130-49A3-A6D0-28B67FEFA345} = {38C12210-34DE-1CE0-274E-81AE92205607}
		{35B47C26-E9C5-5DA2-1E8B-2A3D4E6456B9} = {8A367DDA-5161-A942-4F09-60E4726C9306}
		{DA79879A-6D69-773B-E244-3746ADEF81EB} = {35B47C26-E9C5-5DA2-1E8B-2A3D4E6456B9}
		{ABF8ADF7-D6FA-454F-BFB8-0496AB84BBA4} = {DA79879A-6D69-773B-E244-3746ADEF81EB}
		{E20D8ACF-929F-46C6-97E0-9493D2347FDE} = {DA79879A-6D69-773B-E244-3746ADEF81EB}
		{159AAEFA-62AC-4F39-A633-9E9D902B4C5D} = {DA79879A-6D69-773B-E244-3746ADEF81EB}
		{E5EC3449-3850-45A4-AAF7-A7AB88CC7F21} = {DA79879A-6D69-773B-E244-3746ADEF81EB}
		{C0F266E7-F057-DC0D-B583-6ABC88229542} = {8A367DDA-5161-A942-4F09-60E4726C9306}
		{36F82D61-3B92-D88F-2C37-2E60CD41415C} = {C0F266E7-F057-DC0D-B583-6ABC88229542}
		{9177718A-09AC-49F6-A53E-61BF2D7B4E80} = {36F82D61-3B92-D88F-2C37-2E60CD41415C}
		{A395A183-26D2-4C3A-8BE6-07B7B588E8BC} = {36F82D61-3B92-D88F-2C37-2E60CD41415C}
		{C4DEEBD4-8BB7-43C8-813E-905CF6538C46} = {36F82D61-3B92-D88F-2C37-2E60CD41415C}
		{A4E21DA5-4119-4843-A875-72CD81F36348} = {36F82D61-3B92-D88F-2C37-2E60CD41415C}
		{D3C57789-3D7D-8B0B-EB83-EEDE3EAE72A8} = {8A367DDA-5161-A942-4F09-60E4726C9306}
		{C4378809-C824-FA63-61C3-C4AE637AD50B} = {D3C57789-3D7D-8B0B-EB83-EEDE3EAE72A8}
		{E0D83F83-2C03-401C-B433-271E9A79003F} = {C4378809-C824-FA63-61C3-C4AE637AD50B}
		{95F36536-02E2-4FCF-B9ED-A7D671F07730} = {C4378809-C824-FA63-61C3-C4AE637AD50B}
		{94CF1C5A-0DF4-4BD7-A644-4AA185E37B10} = {C4378809-C824-FA63-61C3-C4AE637AD50B}
		{CFEC980D-4B13-47B1-B1E9-8DBDA4F934E1} = {C4378809-C824-FA63-61C3-C4AE637AD50B}
	EndGlobalSection
	GlobalSection(ExtensibilityGlobals) = postSolution
		SolutionGuid = {3CB609D9-5D54-4C11-A371-DAAC8B74E430}
	EndGlobalSection
EndGlobal
