
Microsoft Visual Studio Solution File, Format Version 12.00
# Visual Studio Version 17
VisualStudioVersion = 17.0.31903.59
MinimumVisualStudioVersion = 10.0.40219.1
Project("{2150E333-8FDC-42A3-9474-1A3956D46DE8}") = "Solution Items", "Solution Items", "{E2DA20AA-28D1-455C-BF50-C49A8F831633}"
	ProjectSection(SolutionItems) = preProject
		.editorconfig = .editorconfig
		.gitignore = .gitignore
		Directory.Build.props = Directory.Build.props
		Directory.Packages.props = Directory.Packages.props
		global.json = global.json
		README.md = README.md
	EndProjectSection
EndProject
Project("{2150E333-8FDC-42A3-9474-1A3956D46DE8}") = "MicroServices", "MicroServices", "{8A367DDA-5161-A942-4F09-60E4726C9306}"
EndProject
Project("{2150E333-8FDC-42A3-9474-1A3956D46DE8}") = "Post", "Post", "{BD8D70B4-8783-9CDE-4928-87A75EE4AA3F}"
EndProject
Project("{2150E333-8FDC-42A3-9474-1A3956D46DE8}") = "src", "src", "{38C12210-34DE-1CE0-274E-81AE92205607}"
EndProject
Project("{FAE04EC0-301F-11D3-BF4B-00C04F79EFBC}") = "Post.Application", "MicroServices\Post\src\Post.Application\Post.Application.csproj", "{7A2C9EAE-788C-4E62-9CE1-89A4991187C9}"
EndProject
Project("{FAE04EC0-301F-11D3-BF4B-00C04F79EFBC}") = "Post.Domain", "MicroServices\Post\src\Post.Domain\Post.Domain.csproj", "{AF1D43E9-89D6-481D-AC9A-C096B2511DA9}"
EndProject
Project("{FAE04EC0-301F-11D3-BF4B-00C04F79EFBC}") = "Post.Web", "MicroServices\Post\src\Post.Web\Post.Web.csproj", "{A7F6CCF5-1B75-4769-944A-0F1370DC14EB}"
EndProject
Project("{FAE04EC0-301F-11D3-BF4B-00C04F79EFBC}") = "Post.Infrastructure", "MicroServices\Post\src\Post.Infrastructure\Post.Infrastructure.csproj", "{A8F15010-5130-49A3-A6D0-28B67FEFA345}"
EndProject
Project("{2150E333-8FDC-42A3-9474-1A3956D46DE8}") = "Brand", "Brand", "{35B47C26-E9C5-5DA2-1E8B-2A3D4E6456B9}"
EndProject
Project("{2150E333-8FDC-42A3-9474-1A3956D46DE8}") = "src", "src", "{DA79879A-6D69-773B-E244-3746ADEF81EB}"
EndProject
Project("{FAE04EC0-301F-11D3-BF4B-00C04F79EFBC}") = "Brand.Application", "MicroServices\Brand\src\Brand.Application\Brand.Application.csproj", "{ABF8ADF7-D6FA-454F-BFB8-0496AB84BBA4}"
EndProject
Project("{FAE04EC0-301F-11D3-BF4B-00C04F79EFBC}") = "Brand.Domain", "MicroServices\Brand\src\Brand.Domain\Brand.Domain.csproj", "{E20D8ACF-929F-46C6-97E0-9493D2347FDE}"
EndProject
Project("{FAE04EC0-301F-11D3-BF4B-00C04F79EFBC}") = "Brand.Web", "MicroServices\Brand\src\Brand.Web\Brand.Web.csproj", "{159AAEFA-62AC-4F39-A633-9E9D902B4C5D}"
EndProject
Project("{FAE04EC0-301F-11D3-BF4B-00C04F79EFBC}") = "Brand.Infrastructure", "MicroServices\Brand\src\Brand.Infrastructure\Brand.Infrastructure.csproj", "{E5EC3449-3850-45A4-AAF7-A7AB88CC7F21}"
EndProject
Project("{2150E333-8FDC-42A3-9474-1A3956D46DE8}") = "User", "User", "{C0F266E7-F057-DC0D-B583-6ABC88229542}"
EndProject
Project("{2150E333-8FDC-42A3-9474-1A3956D46DE8}") = "src", "src", "{36F82D61-3B92-D88F-2C37-2E60CD41415C}"
EndProject
Project("{FAE04EC0-301F-11D3-BF4B-00C04F79EFBC}") = "User.Application", "MicroServices\User\src\User.Application\User.Application.csproj", "{9177718A-09AC-49F6-A53E-61BF2D7B4E80}"
EndProject
Project("{FAE04EC0-301F-11D3-BF4B-00C04F79EFBC}") = "User.Domain", "MicroServices\User\src\User.Domain\User.Domain.csproj", "{A395A183-26D2-4C3A-8BE6-07B7B588E8BC}"
EndProject
Project("{FAE04EC0-301F-11D3-BF4B-00C04F79EFBC}") = "User.Web", "MicroServices\User\src\User.Web\User.Web.csproj", "{C4DEEBD4-8BB7-43C8-813E-905CF6538C46}"
EndProject
Project("{FAE04EC0-301F-11D3-BF4B-00C04F79EFBC}") = "User.Infrastructure", "MicroServices\User\src\User.Infrastructure\User.Infrastructure.csproj", "{A4E21DA5-4119-4843-A875-72CD81F36348}"
EndProject
Project("{2150E333-8FDC-42A3-9474-1A3956D46DE8}") = "AutoPost", "AutoPost", "{D3C57789-3D7D-8B0B-EB83-EEDE3EAE72A8}"
EndProject
Project("{2150E333-8FDC-42A3-9474-1A3956D46DE8}") = "src", "src", "{C4378809-C824-FA63-61C3-C4AE637AD50B}"
EndProject
Project("{FAE04EC0-301F-11D3-BF4B-00C04F79EFBC}") = "AutoPost.Application", "MicroServices\AutoPost\src\AutoPost.Application\AutoPost.Application.csproj", "{E0D83F83-2C03-401C-B433-271E9A79003F}"
EndProject
Project("{FAE04EC0-301F-11D3-BF4B-00C04F79EFBC}") = "AutoPost.Domain", "MicroServices\AutoPost\src\AutoPost.Domain\AutoPost.Domain.csproj", "{95F36536-02E2-4FCF-B9ED-A7D671F07730}"
EndProject
Project("{FAE04EC0-301F-11D3-BF4B-00C04F79EFBC}") = "AutoPost.Web", "MicroServices\AutoPost\src\AutoPost.Web\AutoPost.Web.csproj", "{94CF1C5A-0DF4-4BD7-A644-4AA185E37B10}"
EndProject
Project("{FAE04EC0-301F-11D3-BF4B-00C04F79EFBC}") = "AutoPost.Infrastructure", "MicroServices\AutoPost\src\AutoPost.Infrastructure\AutoPost.Infrastructure.csproj", "{CFEC980D-4B13-47B1-B1E9-8DBDA4F934E1}"
EndProject
Project("{2150E333-8FDC-42A3-9474-1A3956D46DE8}") = "tests", "tests", "{2A70F31C-5C72-7D46-9845-EE4026926510}"
EndProject
Project("{FAE04EC0-301F-11D3-BF4B-00C04F79EFBC}") = "AutoPost.Domain.UnitTests", "MicroServices\AutoPost\tests\AutoPost.Domain.UnitTests\AutoPost.Domain.UnitTests.csproj", "{DDA121C8-7E70-4CA6-9AB4-528944A48885}"
EndProject
Project("{FAE04EC0-301F-11D3-BF4B-00C04F79EFBC}") = "AutoPost.Application.UnitTests", "MicroServices\AutoPost\tests\AutoPost.Application.UnitTests\AutoPost.Application.UnitTests.csproj", "{C3A20325-208F-4225-8417-65E52C6EDCEE}"
EndProject
Project("{FAE04EC0-301F-11D3-BF4B-00C04F79EFBC}") = "AutoPost.Infrastructure.IntegrationTests", "MicroServices\AutoPost\tests\AutoPost.Infrastructure.IntegrationTests\AutoPost.Infrastructure.IntegrationTests.csproj", "{CC6A9C17-ABB5-4870-BB9C-4DA23D1D4869}"
EndProject
Project("{FAE04EC0-301F-11D3-BF4B-00C04F79EFBC}") = "AutoPost.Application.FunctionalTests", "MicroServices\AutoPost\tests\AutoPost.Application.FunctionalTests\AutoPost.Application.FunctionalTests.csproj", "{697059A7-D271-4C88-8918-122AE684B41B}"
EndProject
Project("{2150E333-8FDC-42A3-9474-1A3956D46DE8}") = "tests", "tests", "{ACE97FBE-E5CE-D56B-9B6E-FFB3CDBB27EC}"
EndProject
Project("{FAE04EC0-301F-11D3-BF4B-00C04F79EFBC}") = "Post.Domain.UnitTests", "MicroServices\Post\tests\Post.Domain.UnitTests\Post.Domain.UnitTests.csproj", "{03739E52-EC16-477A-B130-FFB1C5725D21}"
EndProject
Project("{FAE04EC0-301F-11D3-BF4B-00C04F79EFBC}") = "Post.Application.UnitTests", "MicroServices\Post\tests\Post.Application.UnitTests\Post.Application.UnitTests.csproj", "{DC90A675-4B25-44F8-B07B-0FCC7107B8EF}"
EndProject
Project("{2150E333-8FDC-42A3-9474-1A3956D46DE8}") = "tests", "tests", "{09348F4C-D5E3-EE9B-4F91-41112B18C921}"
EndProject
Project("{FAE04EC0-301F-11D3-BF4B-00C04F79EFBC}") = "User.Domain.UnitTests", "MicroServices\User\tests\User.Domain.UnitTests\User.Domain.UnitTests.csproj", "{42FF136B-8F2F-47E1-AF1C-F753E4BD5C19}"
EndProject
Project("{FAE04EC0-301F-11D3-BF4B-00C04F79EFBC}") = "User.Application.UnitTests", "MicroServices\User\tests\User.Application.UnitTests\User.Application.UnitTests.csproj", "{3FA054D9-FCE9-4DEC-86A3-F0D43C23C828}"
EndProject
Project("{2150E333-8FDC-42A3-9474-1A3956D46DE8}") = "tests", "tests", "{81D0A65F-4FFC-5A1F-D290-1D0321A260B3}"
EndProject
Project("{FAE04EC0-301F-11D3-BF4B-00C04F79EFBC}") = "Brand.Domain.UnitTests", "MicroServices\Brand\tests\Brand.Domain.UnitTests\Brand.Domain.UnitTests.csproj", "{426DBAAD-42B9-46D5-8B82-4A217E554058}"
EndProject
Project("{FAE04EC0-301F-11D3-BF4B-00C04F79EFBC}") = "Brand.Application.UnitTests", "MicroServices\Brand\tests\Brand.Application.UnitTests\Brand.Application.UnitTests.csproj", "{911CE466-9155-4938-B06C-281CF5D0CA40}"
EndProject
Project("{2150E333-8FDC-42A3-9474-1A3956D46DE8}") = "Gateway", "Gateway", "{02EA681E-C7D8-13C7-8484-4AC65E1B71E8}"
EndProject
Project("{FAE04EC0-301F-11D3-BF4B-00C04F79EFBC}") = "SMPlanner", "Gateway\SMPlanner\SMPlanner.csproj", "{BEFCDEDA-F2A8-4864-B4C4-090CDC2CEACE}"
EndProject
Project("{FAE04EC0-301F-11D3-BF4B-00C04F79EFBC}") = "SMPlanner.Infrastructure", "Infrastructure\SMPlanner.Infrastructure\SMPlanner.Infrastructure.csproj", "{69924C50-A51E-4A92-B902-8FFF8B6EA849}"
EndProject
Project("{2150E333-8FDC-42A3-9474-1A3956D46DE8}") = "Infrastructure", "Infrastructure", "{FC47C5F6-CA13-4498-877E-788C1D8C724B}"
EndProject
Global
	GlobalSection(SolutionConfigurationPlatforms) = preSolution
		Debug|Any CPU = Debug|Any CPU
		Debug|x64 = Debug|x64
		Debug|x86 = Debug|x86
		Release|Any CPU = Release|Any CPU
		Release|x64 = Release|x64
		Release|x86 = Release|x86
	EndGlobalSection
	GlobalSection(ProjectConfigurationPlatforms) = postSolution
		{7A2C9EAE-788C-4E62-9CE1-89A4991187C9}.Debug|Any CPU.ActiveCfg = Debug|Any CPU
		{7A2C9EAE-788C-4E62-9CE1-89A4991187C9}.Debug|Any CPU.Build.0 = Debug|Any CPU
		{7A2C9EAE-788C-4E62-9CE1-89A4991187C9}.Debug|x64.ActiveCfg = Debug|Any CPU
		{7A2C9EAE-788C-4E62-9CE1-89A4991187C9}.Debug|x64.Build.0 = Debug|Any CPU
		{7A2C9EAE-788C-4E62-9CE1-89A4991187C9}.Debug|x86.ActiveCfg = Debug|Any CPU
		{7A2C9EAE-788C-4E62-9CE1-89A4991187C9}.Debug|x86.Build.0 = Debug|Any CPU
		{7A2C9EAE-788C-4E62-9CE1-89A4991187C9}.Release|Any CPU.ActiveCfg = Release|Any CPU
		{7A2C9EAE-788C-4E62-9CE1-89A4991187C9}.Release|Any CPU.Build.0 = Release|Any CPU
		{7A2C9EAE-788C-4E62-9CE1-89A4991187C9}.Release|x64.ActiveCfg = Release|Any CPU
		{7A2C9EAE-788C-4E62-9CE1-89A4991187C9}.Release|x64.Build.0 = Release|Any CPU
		{7A2C9EAE-788C-4E62-9CE1-89A4991187C9}.Release|x86.ActiveCfg = Release|Any CPU
		{7A2C9EAE-788C-4E62-9CE1-89A4991187C9}.Release|x86.Build.0 = Release|Any CPU
		{AF1D43E9-89D6-481D-AC9A-C096B2511DA9}.Debug|Any CPU.ActiveCfg = Debug|Any CPU
		{AF1D43E9-89D6-481D-AC9A-C096B2511DA9}.Debug|Any CPU.Build.0 = Debug|Any CPU
		{AF1D43E9-89D6-481D-AC9A-C096B2511DA9}.Debug|x64.ActiveCfg = Debug|Any CPU
		{AF1D43E9-89D6-481D-AC9A-C096B2511DA9}.Debug|x64.Build.0 = Debug|Any CPU
		{AF1D43E9-89D6-481D-AC9A-C096B2511DA9}.Debug|x86.ActiveCfg = Debug|Any CPU
		{AF1D43E9-89D6-481D-AC9A-C096B2511DA9}.Debug|x86.Build.0 = Debug|Any CPU
		{AF1D43E9-89D6-481D-AC9A-C096B2511DA9}.Release|Any CPU.ActiveCfg = Release|Any CPU
		{AF1D43E9-89D6-481D-AC9A-C096B2511DA9}.Release|Any CPU.Build.0 = Release|Any CPU
		{AF1D43E9-89D6-481D-AC9A-C096B2511DA9}.Release|x64.ActiveCfg = Release|Any CPU
		{AF1D43E9-89D6-481D-AC9A-C096B2511DA9}.Release|x64.Build.0 = Release|Any CPU
		{AF1D43E9-89D6-481D-AC9A-C096B2511DA9}.Release|x86.ActiveCfg = Release|Any CPU
		{AF1D43E9-89D6-481D-AC9A-C096B2511DA9}.Release|x86.Build.0 = Release|Any CPU
		{A7F6CCF5-1B75-4769-944A-0F1370DC14EB}.Debug|Any CPU.ActiveCfg = Debug|Any CPU
		{A7F6CCF5-1B75-4769-944A-0F1370DC14EB}.Debug|Any CPU.Build.0 = Debug|Any CPU
		{A7F6CCF5-1B75-4769-944A-0F1370DC14EB}.Debug|x64.ActiveCfg = Debug|Any CPU
		{A7F6CCF5-1B75-4769-944A-0F1370DC14EB}.Debug|x64.Build.0 = Debug|Any CPU
		{A7F6CCF5-1B75-4769-944A-0F1370DC14EB}.Debug|x86.ActiveCfg = Debug|Any CPU
		{A7F6CCF5-1B75-4769-944A-0F1370DC14EB}.Debug|x86.Build.0 = Debug|Any CPU
		{A7F6CCF5-1B75-4769-944A-0F1370DC14EB}.Release|Any CPU.ActiveCfg = Release|Any CPU
		{A7F6CCF5-1B75-4769-944A-0F1370DC14EB}.Release|Any CPU.Build.0 = Release|Any CPU
		{A7F6CCF5-1B75-4769-944A-0F1370DC14EB}.Release|x64.ActiveCfg = Release|Any CPU
		{A7F6CCF5-1B75-4769-944A-0F1370DC14EB}.Release|x64.Build.0 = Release|Any CPU
		{A7F6CCF5-1B75-4769-944A-0F1370DC14EB}.Release|x86.ActiveCfg = Release|Any CPU
		{A7F6CCF5-1B75-4769-944A-0F1370DC14EB}.Release|x86.Build.0 = Release|Any CPU
		{A8F15010-5130-49A3-A6D0-28B67FEFA345}.Debug|Any CPU.ActiveCfg = Debug|Any CPU
		{A8F15010-5130-49A3-A6D0-28B67FEFA345}.Debug|Any CPU.Build.0 = Debug|Any CPU
		{A8F15010-5130-49A3-A6D0-28B67FEFA345}.Debug|x64.ActiveCfg = Debug|Any CPU
		{A8F15010-5130-49A3-A6D0-28B67FEFA345}.Debug|x64.Build.0 = Debug|Any CPU
		{A8F15010-5130-49A3-A6D0-28B67FEFA345}.Debug|x86.ActiveCfg = Debug|Any CPU
		{A8F15010-5130-49A3-A6D0-28B67FEFA345}.Debug|x86.Build.0 = Debug|Any CPU
		{A8F15010-5130-49A3-A6D0-28B67FEFA345}.Release|Any CPU.ActiveCfg = Release|Any CPU
		{A8F15010-5130-49A3-A6D0-28B67FEFA345}.Release|Any CPU.Build.0 = Release|Any CPU
		{A8F15010-5130-49A3-A6D0-28B67FEFA345}.Release|x64.ActiveCfg = Release|Any CPU
		{A8F15010-5130-49A3-A6D0-28B67FEFA345}.Release|x64.Build.0 = Release|Any CPU
		{A8F15010-5130-49A3-A6D0-28B67FEFA345}.Release|x86.ActiveCfg = Release|Any CPU
		{A8F15010-5130-49A3-A6D0-28B67FEFA345}.Release|x86.Build.0 = Release|Any CPU
		{ABF8ADF7-D6FA-454F-BFB8-0496AB84BBA4}.Debug|Any CPU.ActiveCfg = Debug|Any CPU
		{ABF8ADF7-D6FA-454F-BFB8-0496AB84BBA4}.Debug|Any CPU.Build.0 = Debug|Any CPU
		{ABF8ADF7-D6FA-454F-BFB8-0496AB84BBA4}.Debug|x64.ActiveCfg = Debug|Any CPU
		{ABF8ADF7-D6FA-454F-BFB8-0496AB84BBA4}.Debug|x64.Build.0 = Debug|Any CPU
		{ABF8ADF7-D6FA-454F-BFB8-0496AB84BBA4}.Debug|x86.ActiveCfg = Debug|Any CPU
		{ABF8ADF7-D6FA-454F-BFB8-0496AB84BBA4}.Debug|x86.Build.0 = Debug|Any CPU
		{ABF8ADF7-D6FA-454F-BFB8-0496AB84BBA4}.Release|Any CPU.ActiveCfg = Release|Any CPU
		{ABF8ADF7-D6FA-454F-BFB8-0496AB84BBA4}.Release|Any CPU.Build.0 = Release|Any CPU
		{ABF8ADF7-D6FA-454F-BFB8-0496AB84BBA4}.Release|x64.ActiveCfg = Release|Any CPU
		{ABF8ADF7-D6FA-454F-BFB8-0496AB84BBA4}.Release|x64.Build.0 = Release|Any CPU
		{ABF8ADF7-D6FA-454F-BFB8-0496AB84BBA4}.Release|x86.ActiveCfg = Release|Any CPU
		{ABF8ADF7-D6FA-454F-BFB8-0496AB84BBA4}.Release|x86.Build.0 = Release|Any CPU
		{E20D8ACF-929F-46C6-97E0-9493D2347FDE}.Debug|Any CPU.ActiveCfg = Debug|Any CPU
		{E20D8ACF-929F-46C6-97E0-9493D2347FDE}.Debug|Any CPU.Build.0 = Debug|Any CPU
		{E20D8ACF-929F-46C6-97E0-9493D2347FDE}.Debug|x64.ActiveCfg = Debug|Any CPU
		{E20D8ACF-929F-46C6-97E0-9493D2347FDE}.Debug|x64.Build.0 = Debug|Any CPU
		{E20D8ACF-929F-46C6-97E0-9493D2347FDE}.Debug|x86.ActiveCfg = Debug|Any CPU
		{E20D8ACF-929F-46C6-97E0-9493D2347FDE}.Debug|x86.Build.0 = Debug|Any CPU
		{E20D8ACF-929F-46C6-97E0-9493D2347FDE}.Release|Any CPU.ActiveCfg = Release|Any CPU
		{E20D8ACF-929F-46C6-97E0-9493D2347FDE}.Release|Any CPU.Build.0 = Release|Any CPU
		{E20D8ACF-929F-46C6-97E0-9493D2347FDE}.Release|x64.ActiveCfg = Release|Any CPU
		{E20D8ACF-929F-46C6-97E0-9493D2347FDE}.Release|x64.Build.0 = Release|Any CPU
		{E20D8ACF-929F-46C6-97E0-9493D2347FDE}.Release|x86.ActiveCfg = Release|Any CPU
		{E20D8ACF-929F-46C6-97E0-9493D2347FDE}.Release|x86.Build.0 = Release|Any CPU
		{159AAEFA-62AC-4F39-A633-9E9D902B4C5D}.Debug|Any CPU.ActiveCfg = Debug|Any CPU
		{159AAEFA-62AC-4F39-A633-9E9D902B4C5D}.Debug|Any CPU.Build.0 = Debug|Any CPU
		{159AAEFA-62AC-4F39-A633-9E9D902B4C5D}.Debug|x64.ActiveCfg = Debug|Any CPU
		{159AAEFA-62AC-4F39-A633-9E9D902B4C5D}.Debug|x64.Build.0 = Debug|Any CPU
		{159AAEFA-62AC-4F39-A633-9E9D902B4C5D}.Debug|x86.ActiveCfg = Debug|Any CPU
		{159AAEFA-62AC-4F39-A633-9E9D902B4C5D}.Debug|x86.Build.0 = Debug|Any CPU
		{159AAEFA-62AC-4F39-A633-9E9D902B4C5D}.Release|Any CPU.ActiveCfg = Release|Any CPU
		{159AAEFA-62AC-4F39-A633-9E9D902B4C5D}.Release|Any CPU.Build.0 = Release|Any CPU
		{159AAEFA-62AC-4F39-A633-9E9D902B4C5D}.Release|x64.ActiveCfg = Release|Any CPU
		{159AAEFA-62AC-4F39-A633-9E9D902B4C5D}.Release|x64.Build.0 = Release|Any CPU
		{159AAEFA-62AC-4F39-A633-9E9D902B4C5D}.Release|x86.ActiveCfg = Release|Any CPU
		{159AAEFA-62AC-4F39-A633-9E9D902B4C5D}.Release|x86.Build.0 = Release|Any CPU
		{E5EC3449-3850-45A4-AAF7-A7AB88CC7F21}.Debug|Any CPU.ActiveCfg = Debug|Any CPU
		{E5EC3449-3850-45A4-AAF7-A7AB88CC7F21}.Debug|Any CPU.Build.0 = Debug|Any CPU
		{E5EC3449-3850-45A4-AAF7-A7AB88CC7F21}.Debug|x64.ActiveCfg = Debug|Any CPU
		{E5EC3449-3850-45A4-AAF7-A7AB88CC7F21}.Debug|x64.Build.0 = Debug|Any CPU
		{E5EC3449-3850-45A4-AAF7-A7AB88CC7F21}.Debug|x86.ActiveCfg = Debug|Any CPU
		{E5EC3449-3850-45A4-AAF7-A7AB88CC7F21}.Debug|x86.Build.0 = Debug|Any CPU
		{E5EC3449-3850-45A4-AAF7-A7AB88CC7F21}.Release|Any CPU.ActiveCfg = Release|Any CPU
		{E5EC3449-3850-45A4-AAF7-A7AB88CC7F21}.Release|Any CPU.Build.0 = Release|Any CPU
		{E5EC3449-3850-45A4-AAF7-A7AB88CC7F21}.Release|x64.ActiveCfg = Release|Any CPU
		{E5EC3449-3850-45A4-AAF7-A7AB88CC7F21}.Release|x64.Build.0 = Release|Any CPU
		{E5EC3449-3850-45A4-AAF7-A7AB88CC7F21}.Release|x86.ActiveCfg = Release|Any CPU
		{E5EC3449-3850-45A4-AAF7-A7AB88CC7F21}.Release|x86.Build.0 = Release|Any CPU
		{9177718A-09AC-49F6-A53E-61BF2D7B4E80}.Debug|Any CPU.ActiveCfg = Debug|Any CPU
		{9177718A-09AC-49F6-A53E-61BF2D7B4E80}.Debug|Any CPU.Build.0 = Debug|Any CPU
		{9177718A-09AC-49F6-A53E-61BF2D7B4E80}.Debug|x64.ActiveCfg = Debug|Any CPU
		{9177718A-09AC-49F6-A53E-61BF2D7B4E80}.Debug|x64.Build.0 = Debug|Any CPU
		{9177718A-09AC-49F6-A53E-61BF2D7B4E80}.Debug|x86.ActiveCfg = Debug|Any CPU
		{9177718A-09AC-49F6-A53E-61BF2D7B4E80}.Debug|x86.Build.0 = Debug|Any CPU
		{9177718A-09AC-49F6-A53E-61BF2D7B4E80}.Release|Any CPU.ActiveCfg = Release|Any CPU
		{9177718A-09AC-49F6-A53E-61BF2D7B4E80}.Release|Any CPU.Build.0 = Release|Any CPU
		{9177718A-09AC-49F6-A53E-61BF2D7B4E80}.Release|x64.ActiveCfg = Release|Any CPU
		{9177718A-09AC-49F6-A53E-61BF2D7B4E80}.Release|x64.Build.0 = Release|Any CPU
		{9177718A-09AC-49F6-A53E-61BF2D7B4E80}.Release|x86.ActiveCfg = Release|Any CPU
		{9177718A-09AC-49F6-A53E-61BF2D7B4E80}.Release|x86.Build.0 = Release|Any CPU
		{A395A183-26D2-4C3A-8BE6-07B7B588E8BC}.Debug|Any CPU.ActiveCfg = Debug|Any CPU
		{A395A183-26D2-4C3A-8BE6-07B7B588E8BC}.Debug|Any CPU.Build.0 = Debug|Any CPU
		{A395A183-26D2-4C3A-8BE6-07B7B588E8BC}.Debug|x64.ActiveCfg = Debug|Any CPU
		{A395A183-26D2-4C3A-8BE6-07B7B588E8BC}.Debug|x64.Build.0 = Debug|Any CPU
		{A395A183-26D2-4C3A-8BE6-07B7B588E8BC}.Debug|x86.ActiveCfg = Debug|Any CPU
		{A395A183-26D2-4C3A-8BE6-07B7B588E8BC}.Debug|x86.Build.0 = Debug|Any CPU
		{A395A183-26D2-4C3A-8BE6-07B7B588E8BC}.Release|Any CPU.ActiveCfg = Release|Any CPU
		{A395A183-26D2-4C3A-8BE6-07B7B588E8BC}.Release|Any CPU.Build.0 = Release|Any CPU
		{A395A183-26D2-4C3A-8BE6-07B7B588E8BC}.Release|x64.ActiveCfg = Release|Any CPU
		{A395A183-26D2-4C3A-8BE6-07B7B588E8BC}.Release|x64.Build.0 = Release|Any CPU
		{A395A183-26D2-4C3A-8BE6-07B7B588E8BC}.Release|x86.ActiveCfg = Release|Any CPU
		{A395A183-26D2-4C3A-8BE6-07B7B588E8BC}.Release|x86.Build.0 = Release|Any CPU
		{C4DEEBD4-8BB7-43C8-813E-905CF6538C46}.Debug|Any CPU.ActiveCfg = Debug|Any CPU
		{C4DEEBD4-8BB7-43C8-813E-905CF6538C46}.Debug|Any CPU.Build.0 = Debug|Any CPU
		{C4DEEBD4-8BB7-43C8-813E-905CF6538C46}.Debug|x64.ActiveCfg = Debug|Any CPU
		{C4DEEBD4-8BB7-43C8-813E-905CF6538C46}.Debug|x64.Build.0 = Debug|Any CPU
		{C4DEEBD4-8BB7-43C8-813E-905CF6538C46}.Debug|x86.ActiveCfg = Debug|Any CPU
		{C4DEEBD4-8BB7-43C8-813E-905CF6538C46}.Debug|x86.Build.0 = Debug|Any CPU
		{C4DEEBD4-8BB7-43C8-813E-905CF6538C46}.Release|Any CPU.ActiveCfg = Release|Any CPU
		{C4DEEBD4-8BB7-43C8-813E-905CF6538C46}.Release|Any CPU.Build.0 = Release|Any CPU
		{C4DEEBD4-8BB7-43C8-813E-905CF6538C46}.Release|x64.ActiveCfg = Release|Any CPU
		{C4DEEBD4-8BB7-43C8-813E-905CF6538C46}.Release|x64.Build.0 = Release|Any CPU
		{C4DEEBD4-8BB7-43C8-813E-905CF6538C46}.Release|x86.ActiveCfg = Release|Any CPU
		{C4DEEBD4-8BB7-43C8-813E-905CF6538C46}.Release|x86.Build.0 = Release|Any CPU
		{A4E21DA5-4119-4843-A875-72CD81F36348}.Debug|Any CPU.ActiveCfg = Debug|Any CPU
		{A4E21DA5-4119-4843-A875-72CD81F36348}.Debug|Any CPU.Build.0 = Debug|Any CPU
		{A4E21DA5-4119-4843-A875-72CD81F36348}.Debug|x64.ActiveCfg = Debug|Any CPU
		{A4E21DA5-4119-4843-A875-72CD81F36348}.Debug|x64.Build.0 = Debug|Any CPU
		{A4E21DA5-4119-4843-A875-72CD81F36348}.Debug|x86.ActiveCfg = Debug|Any CPU
		{A4E21DA5-4119-4843-A875-72CD81F36348}.Debug|x86.Build.0 = Debug|Any CPU
		{A4E21DA5-4119-4843-A875-72CD81F36348}.Release|Any CPU.ActiveCfg = Release|Any CPU
		{A4E21DA5-4119-4843-A875-72CD81F36348}.Release|Any CPU.Build.0 = Release|Any CPU
		{A4E21DA5-4119-4843-A875-72CD81F36348}.Release|x64.ActiveCfg = Release|Any CPU
		{A4E21DA5-4119-4843-A875-72CD81F36348}.Release|x64.Build.0 = Release|Any CPU
		{A4E21DA5-4119-4843-A875-72CD81F36348}.Release|x86.ActiveCfg = Release|Any CPU
		{A4E21DA5-4119-4843-A875-72CD81F36348}.Release|x86.Build.0 = Release|Any CPU
		{E0D83F83-2C03-401C-B433-271E9A79003F}.Debug|Any CPU.ActiveCfg = Debug|Any CPU
		{E0D83F83-2C03-401C-B433-271E9A79003F}.Debug|Any CPU.Build.0 = Debug|Any CPU
		{E0D83F83-2C03-401C-B433-271E9A79003F}.Debug|x64.ActiveCfg = Debug|Any CPU
		{E0D83F83-2C03-401C-B433-271E9A79003F}.Debug|x64.Build.0 = Debug|Any CPU
		{E0D83F83-2C03-401C-B433-271E9A79003F}.Debug|x86.ActiveCfg = Debug|Any CPU
		{E0D83F83-2C03-401C-B433-271E9A79003F}.Debug|x86.Build.0 = Debug|Any CPU
		{E0D83F83-2C03-401C-B433-271E9A79003F}.Release|Any CPU.ActiveCfg = Release|Any CPU
		{E0D83F83-2C03-401C-B433-271E9A79003F}.Release|Any CPU.Build.0 = Release|Any CPU
		{E0D83F83-2C03-401C-B433-271E9A79003F}.Release|x64.ActiveCfg = Release|Any CPU
		{E0D83F83-2C03-401C-B433-271E9A79003F}.Release|x64.Build.0 = Release|Any CPU
		{E0D83F83-2C03-401C-B433-271E9A79003F}.Release|x86.ActiveCfg = Release|Any CPU
		{E0D83F83-2C03-401C-B433-271E9A79003F}.Release|x86.Build.0 = Release|Any CPU
		{95F36536-02E2-4FCF-B9ED-A7D671F07730}.Debug|Any CPU.ActiveCfg = Debug|Any CPU
		{95F36536-02E2-4FCF-B9ED-A7D671F07730}.Debug|Any CPU.Build.0 = Debug|Any CPU
		{95F36536-02E2-4FCF-B9ED-A7D671F07730}.Debug|x64.ActiveCfg = Debug|Any CPU
		{95F36536-02E2-4FCF-B9ED-A7D671F07730}.Debug|x64.Build.0 = Debug|Any CPU
		{95F36536-02E2-4FCF-B9ED-A7D671F07730}.Debug|x86.ActiveCfg = Debug|Any CPU
		{95F36536-02E2-4FCF-B9ED-A7D671F07730}.Debug|x86.Build.0 = Debug|Any CPU
		{95F36536-02E2-4FCF-B9ED-A7D671F07730}.Release|Any CPU.ActiveCfg = Release|Any CPU
		{95F36536-02E2-4FCF-B9ED-A7D671F07730}.Release|Any CPU.Build.0 = Release|Any CPU
		{95F36536-02E2-4FCF-B9ED-A7D671F07730}.Release|x64.ActiveCfg = Release|Any CPU
		{95F36536-02E2-4FCF-B9ED-A7D671F07730}.Release|x64.Build.0 = Release|Any CPU
		{95F36536-02E2-4FCF-B9ED-A7D671F07730}.Release|x86.ActiveCfg = Release|Any CPU
		{95F36536-02E2-4FCF-B9ED-A7D671F07730}.Release|x86.Build.0 = Release|Any CPU
		{94CF1C5A-0DF4-4BD7-A644-4AA185E37B10}.Debug|Any CPU.ActiveCfg = Debug|Any CPU
		{94CF1C5A-0DF4-4BD7-A644-4AA185E37B10}.Debug|Any CPU.Build.0 = Debug|Any CPU
		{94CF1C5A-0DF4-4BD7-A644-4AA185E37B10}.Debug|x64.ActiveCfg = Debug|Any CPU
		{94CF1C5A-0DF4-4BD7-A644-4AA185E37B10}.Debug|x64.Build.0 = Debug|Any CPU
		{94CF1C5A-0DF4-4BD7-A644-4AA185E37B10}.Debug|x86.ActiveCfg = Debug|Any CPU
		{94CF1C5A-0DF4-4BD7-A644-4AA185E37B10}.Debug|x86.Build.0 = Debug|Any CPU
		{94CF1C5A-0DF4-4BD7-A644-4AA185E37B10}.Release|Any CPU.ActiveCfg = Release|Any CPU
		{94CF1C5A-0DF4-4BD7-A644-4AA185E37B10}.Release|Any CPU.Build.0 = Release|Any CPU
		{94CF1C5A-0DF4-4BD7-A644-4AA185E37B10}.Release|x64.ActiveCfg = Release|Any CPU
		{94CF1C5A-0DF4-4BD7-A644-4AA185E37B10}.Release|x64.Build.0 = Release|Any CPU
		{94CF1C5A-0DF4-4BD7-A644-4AA185E37B10}.Release|x86.ActiveCfg = Release|Any CPU
		{94CF1C5A-0DF4-4BD7-A644-4AA185E37B10}.Release|x86.Build.0 = Release|Any CPU
		{CFEC980D-4B13-47B1-B1E9-8DBDA4F934E1}.Debug|Any CPU.ActiveCfg = Debug|Any CPU
		{CFEC980D-4B13-47B1-B1E9-8DBDA4F934E1}.Debug|Any CPU.Build.0 = Debug|Any CPU
		{CFEC980D-4B13-47B1-B1E9-8DBDA4F934E1}.Debug|x64.ActiveCfg = Debug|Any CPU
		{CFEC980D-4B13-47B1-B1E9-8DBDA4F934E1}.Debug|x64.Build.0 = Debug|Any CPU
		{CFEC980D-4B13-47B1-B1E9-8DBDA4F934E1}.Debug|x86.ActiveCfg = Debug|Any CPU
		{CFEC980D-4B13-47B1-B1E9-8DBDA4F934E1}.Debug|x86.Build.0 = Debug|Any CPU
		{CFEC980D-4B13-47B1-B1E9-8DBDA4F934E1}.Release|Any CPU.ActiveCfg = Release|Any CPU
		{CFEC980D-4B13-47B1-B1E9-8DBDA4F934E1}.Release|Any CPU.Build.0 = Release|Any CPU
		{CFEC980D-4B13-47B1-B1E9-8DBDA4F934E1}.Release|x64.ActiveCfg = Release|Any CPU
		{CFEC980D-4B13-47B1-B1E9-8DBDA4F934E1}.Release|x64.Build.0 = Release|Any CPU
		{CFEC980D-4B13-47B1-B1E9-8DBDA4F934E1}.Release|x86.ActiveCfg = Release|Any CPU
		{CFEC980D-4B13-47B1-B1E9-8DBDA4F934E1}.Release|x86.Build.0 = Release|Any CPU
		{DDA121C8-7E70-4CA6-9AB4-528944A48885}.Debug|Any CPU.ActiveCfg = Debug|Any CPU
		{DDA121C8-7E70-4CA6-9AB4-528944A48885}.Debug|Any CPU.Build.0 = Debug|Any CPU
		{DDA121C8-7E70-4CA6-9AB4-528944A48885}.Debug|x64.ActiveCfg = Debug|Any CPU
		{DDA121C8-7E70-4CA6-9AB4-528944A48885}.Debug|x64.Build.0 = Debug|Any CPU
		{DDA121C8-7E70-4CA6-9AB4-528944A48885}.Debug|x86.ActiveCfg = Debug|Any CPU
		{DDA121C8-7E70-4CA6-9AB4-528944A48885}.Debug|x86.Build.0 = Debug|Any CPU
		{DDA121C8-7E70-4CA6-9AB4-528944A48885}.Release|Any CPU.ActiveCfg = Release|Any CPU
		{DDA121C8-7E70-4CA6-9AB4-528944A48885}.Release|Any CPU.Build.0 = Release|Any CPU
		{DDA121C8-7E70-4CA6-9AB4-528944A48885}.Release|x64.ActiveCfg = Release|Any CPU
		{DDA121C8-7E70-4CA6-9AB4-528944A48885}.Release|x64.Build.0 = Release|Any CPU
		{DDA121C8-7E70-4CA6-9AB4-528944A48885}.Release|x86.ActiveCfg = Release|Any CPU
		{DDA121C8-7E70-4CA6-9AB4-528944A48885}.Release|x86.Build.0 = Release|Any CPU
		{C3A20325-208F-4225-8417-65E52C6EDCEE}.Debug|Any CPU.ActiveCfg = Debug|Any CPU
		{C3A20325-208F-4225-8417-65E52C6EDCEE}.Debug|Any CPU.Build.0 = Debug|Any CPU
		{C3A20325-208F-4225-8417-65E52C6EDCEE}.Debug|x64.ActiveCfg = Debug|Any CPU
		{C3A20325-208F-4225-8417-65E52C6EDCEE}.Debug|x64.Build.0 = Debug|Any CPU
		{C3A20325-208F-4225-8417-65E52C6EDCEE}.Debug|x86.ActiveCfg = Debug|Any CPU
		{C3A20325-208F-4225-8417-65E52C6EDCEE}.Debug|x86.Build.0 = Debug|Any CPU
		{C3A20325-208F-4225-8417-65E52C6EDCEE}.Release|Any CPU.ActiveCfg = Release|Any CPU
		{C3A20325-208F-4225-8417-65E52C6EDCEE}.Release|Any CPU.Build.0 = Release|Any CPU
		{C3A20325-208F-4225-8417-65E52C6EDCEE}.Release|x64.ActiveCfg = Release|Any CPU
		{C3A20325-208F-4225-8417-65E52C6EDCEE}.Release|x64.Build.0 = Release|Any CPU
		{C3A20325-208F-4225-8417-65E52C6EDCEE}.Release|x86.ActiveCfg = Release|Any CPU
		{C3A20325-208F-4225-8417-65E52C6EDCEE}.Release|x86.Build.0 = Release|Any CPU
		{CC6A9C17-ABB5-4870-BB9C-4DA23D1D4869}.Debug|Any CPU.ActiveCfg = Debug|Any CPU
		{CC6A9C17-ABB5-4870-BB9C-4DA23D1D4869}.Debug|Any CPU.Build.0 = Debug|Any CPU
		{CC6A9C17-ABB5-4870-BB9C-4DA23D1D4869}.Debug|x64.ActiveCfg = Debug|Any CPU
		{CC6A9C17-ABB5-4870-BB9C-4DA23D1D4869}.Debug|x64.Build.0 = Debug|Any CPU
		{CC6A9C17-ABB5-4870-BB9C-4DA23D1D4869}.Debug|x86.ActiveCfg = Debug|Any CPU
		{CC6A9C17-ABB5-4870-BB9C-4DA23D1D4869}.Debug|x86.Build.0 = Debug|Any CPU
		{CC6A9C17-ABB5-4870-BB9C-4DA23D1D4869}.Release|Any CPU.ActiveCfg = Release|Any CPU
		{CC6A9C17-ABB5-4870-BB9C-4DA23D1D4869}.Release|Any CPU.Build.0 = Release|Any CPU
		{CC6A9C17-ABB5-4870-BB9C-4DA23D1D4869}.Release|x64.ActiveCfg = Release|Any CPU
		{CC6A9C17-ABB5-4870-BB9C-4DA23D1D4869}.Release|x64.Build.0 = Release|Any CPU
		{CC6A9C17-ABB5-4870-BB9C-4DA23D1D4869}.Release|x86.ActiveCfg = Release|Any CPU
		{CC6A9C17-ABB5-4870-BB9C-4DA23D1D4869}.Release|x86.Build.0 = Release|Any CPU
		{697059A7-D271-4C88-8918-122AE684B41B}.Debug|Any CPU.ActiveCfg = Debug|Any CPU
		{697059A7-D271-4C88-8918-122AE684B41B}.Debug|Any CPU.Build.0 = Debug|Any CPU
		{697059A7-D271-4C88-8918-122AE684B41B}.Debug|x64.ActiveCfg = Debug|Any CPU
		{697059A7-D271-4C88-8918-122AE684B41B}.Debug|x64.Build.0 = Debug|Any CPU
		{697059A7-D271-4C88-8918-122AE684B41B}.Debug|x86.ActiveCfg = Debug|Any CPU
		{697059A7-D271-4C88-8918-122AE684B41B}.Debug|x86.Build.0 = Debug|Any CPU
		{697059A7-D271-4C88-8918-122AE684B41B}.Release|Any CPU.ActiveCfg = Release|Any CPU
		{697059A7-D271-4C88-8918-122AE684B41B}.Release|Any CPU.Build.0 = Release|Any CPU
		{697059A7-D271-4C88-8918-122AE684B41B}.Release|x64.ActiveCfg = Release|Any CPU
		{697059A7-D271-4C88-8918-122AE684B41B}.Release|x64.Build.0 = Release|Any CPU
		{697059A7-D271-4C88-8918-122AE684B41B}.Release|x86.ActiveCfg = Release|Any CPU
		{697059A7-D271-4C88-8918-122AE684B41B}.Release|x86.Build.0 = Release|Any CPU
		{03739E52-EC16-477A-B130-FFB1C5725D21}.Debug|Any CPU.ActiveCfg = Debug|Any CPU
		{03739E52-EC16-477A-B130-FFB1C5725D21}.Debug|Any CPU.Build.0 = Debug|Any CPU
		{03739E52-EC16-477A-B130-FFB1C5725D21}.Debug|x64.ActiveCfg = Debug|Any CPU
		{03739E52-EC16-477A-B130-FFB1C5725D21}.Debug|x64.Build.0 = Debug|Any CPU
		{03739E52-EC16-477A-B130-FFB1C5725D21}.Debug|x86.ActiveCfg = Debug|Any CPU
		{03739E52-EC16-477A-B130-FFB1C5725D21}.Debug|x86.Build.0 = Debug|Any CPU
		{03739E52-EC16-477A-B130-FFB1C5725D21}.Release|Any CPU.ActiveCfg = Release|Any CPU
		{03739E52-EC16-477A-B130-FFB1C5725D21}.Release|Any CPU.Build.0 = Release|Any CPU
		{03739E52-EC16-477A-B130-FFB1C5725D21}.Release|x64.ActiveCfg = Release|Any CPU
		{03739E52-EC16-477A-B130-FFB1C5725D21}.Release|x64.Build.0 = Release|Any CPU
		{03739E52-EC16-477A-B130-FFB1C5725D21}.Release|x86.ActiveCfg = Release|Any CPU
		{03739E52-EC16-477A-B130-FFB1C5725D21}.Release|x86.Build.0 = Release|Any CPU
		{DC90A675-4B25-44F8-B07B-0FCC7107B8EF}.Debug|Any CPU.ActiveCfg = Debug|Any CPU
		{DC90A675-4B25-44F8-B07B-0FCC7107B8EF}.Debug|Any CPU.Build.0 = Debug|Any CPU
		{DC90A675-4B25-44F8-B07B-0FCC7107B8EF}.Debug|x64.ActiveCfg = Debug|Any CPU
		{DC90A675-4B25-44F8-B07B-0FCC7107B8EF}.Debug|x64.Build.0 = Debug|Any CPU
		{DC90A675-4B25-44F8-B07B-0FCC7107B8EF}.Debug|x86.ActiveCfg = Debug|Any CPU
		{DC90A675-4B25-44F8-B07B-0FCC7107B8EF}.Debug|x86.Build.0 = Debug|Any CPU
		{DC90A675-4B25-44F8-B07B-0FCC7107B8EF}.Release|Any CPU.ActiveCfg = Release|Any CPU
		{DC90A675-4B25-44F8-B07B-0FCC7107B8EF}.Release|Any CPU.Build.0 = Release|Any CPU
		{DC90A675-4B25-44F8-B07B-0FCC7107B8EF}.Release|x64.ActiveCfg = Release|Any CPU
		{DC90A675-4B25-44F8-B07B-0FCC7107B8EF}.Release|x64.Build.0 = Release|Any CPU
		{DC90A675-4B25-44F8-B07B-0FCC7107B8EF}.Release|x86.ActiveCfg = Release|Any CPU
		{DC90A675-4B25-44F8-B07B-0FCC7107B8EF}.Release|x86.Build.0 = Release|Any CPU
		{42FF136B-8F2F-47E1-AF1C-F753E4BD5C19}.Debug|Any CPU.ActiveCfg = Debug|Any CPU
		{42FF136B-8F2F-47E1-AF1C-F753E4BD5C19}.Debug|Any CPU.Build.0 = Debug|Any CPU
		{42FF136B-8F2F-47E1-AF1C-F753E4BD5C19}.Debug|x64.ActiveCfg = Debug|Any CPU
		{42FF136B-8F2F-47E1-AF1C-F753E4BD5C19}.Debug|x64.Build.0 = Debug|Any CPU
		{42FF136B-8F2F-47E1-AF1C-F753E4BD5C19}.Debug|x86.ActiveCfg = Debug|Any CPU
		{42FF136B-8F2F-47E1-AF1C-F753E4BD5C19}.Debug|x86.Build.0 = Debug|Any CPU
		{42FF136B-8F2F-47E1-AF1C-F753E4BD5C19}.Release|Any CPU.ActiveCfg = Release|Any CPU
		{42FF136B-8F2F-47E1-AF1C-F753E4BD5C19}.Release|Any CPU.Build.0 = Release|Any CPU
		{42FF136B-8F2F-47E1-AF1C-F753E4BD5C19}.Release|x64.ActiveCfg = Release|Any CPU
		{42FF136B-8F2F-47E1-AF1C-F753E4BD5C19}.Release|x64.Build.0 = Release|Any CPU
		{42FF136B-8F2F-47E1-AF1C-F753E4BD5C19}.Release|x86.ActiveCfg = Release|Any CPU
		{42FF136B-8F2F-47E1-AF1C-F753E4BD5C19}.Release|x86.Build.0 = Release|Any CPU
		{3FA054D9-FCE9-4DEC-86A3-F0D43C23C828}.Debug|Any CPU.ActiveCfg = Debug|Any CPU
		{3FA054D9-FCE9-4DEC-86A3-F0D43C23C828}.Debug|Any CPU.Build.0 = Debug|Any CPU
		{3FA054D9-FCE9-4DEC-86A3-F0D43C23C828}.Debug|x64.ActiveCfg = Debug|Any CPU
		{3FA054D9-FCE9-4DEC-86A3-F0D43C23C828}.Debug|x64.Build.0 = Debug|Any CPU
		{3FA054D9-FCE9-4DEC-86A3-F0D43C23C828}.Debug|x86.ActiveCfg = Debug|Any CPU
		{3FA054D9-FCE9-4DEC-86A3-F0D43C23C828}.Debug|x86.Build.0 = Debug|Any CPU
		{3FA054D9-FCE9-4DEC-86A3-F0D43C23C828}.Release|Any CPU.ActiveCfg = Release|Any CPU
		{3FA054D9-FCE9-4DEC-86A3-F0D43C23C828}.Release|Any CPU.Build.0 = Release|Any CPU
		{3FA054D9-FCE9-4DEC-86A3-F0D43C23C828}.Release|x64.ActiveCfg = Release|Any CPU
		{3FA054D9-FCE9-4DEC-86A3-F0D43C23C828}.Release|x64.Build.0 = Release|Any CPU
		{3FA054D9-FCE9-4DEC-86A3-F0D43C23C828}.Release|x86.ActiveCfg = Release|Any CPU
		{3FA054D9-FCE9-4DEC-86A3-F0D43C23C828}.Release|x86.Build.0 = Release|Any CPU
		{426DBAAD-42B9-46D5-8B82-4A217E554058}.Debug|Any CPU.ActiveCfg = Debug|Any CPU
		{426DBAAD-42B9-46D5-8B82-4A217E554058}.Debug|Any CPU.Build.0 = Debug|Any CPU
		{426DBAAD-42B9-46D5-8B82-4A217E554058}.Debug|x64.ActiveCfg = Debug|Any CPU
		{426DBAAD-42B9-46D5-8B82-4A217E554058}.Debug|x64.Build.0 = Debug|Any CPU
		{426DBAAD-42B9-46D5-8B82-4A217E554058}.Debug|x86.ActiveCfg = Debug|Any CPU
		{426DBAAD-42B9-46D5-8B82-4A217E554058}.Debug|x86.Build.0 = Debug|Any CPU
		{426DBAAD-42B9-46D5-8B82-4A217E554058}.Release|Any CPU.ActiveCfg = Release|Any CPU
		{426DBAAD-42B9-46D5-8B82-4A217E554058}.Release|Any CPU.Build.0 = Release|Any CPU
		{426DBAAD-42B9-46D5-8B82-4A217E554058}.Release|x64.ActiveCfg = Release|Any CPU
		{426DBAAD-42B9-46D5-8B82-4A217E554058}.Release|x64.Build.0 = Release|Any CPU
		{426DBAAD-42B9-46D5-8B82-4A217E554058}.Release|x86.ActiveCfg = Release|Any CPU
		{426DBAAD-42B9-46D5-8B82-4A217E554058}.Release|x86.Build.0 = Release|Any CPU
		{911CE466-9155-4938-B06C-281CF5D0CA40}.Debug|Any CPU.ActiveCfg = Debug|Any CPU
		{911CE466-9155-4938-B06C-281CF5D0CA40}.Debug|Any CPU.Build.0 = Debug|Any CPU
		{911CE466-9155-4938-B06C-281CF5D0CA40}.Debug|x64.ActiveCfg = Debug|Any CPU
		{911CE466-9155-4938-B06C-281CF5D0CA40}.Debug|x64.Build.0 = Debug|Any CPU
		{911CE466-9155-4938-B06C-281CF5D0CA40}.Debug|x86.ActiveCfg = Debug|Any CPU
		{911CE466-9155-4938-B06C-281CF5D0CA40}.Debug|x86.Build.0 = Debug|Any CPU
		{911CE466-9155-4938-B06C-281CF5D0CA40}.Release|Any CPU.ActiveCfg = Release|Any CPU
		{911CE466-9155-4938-B06C-281CF5D0CA40}.Release|Any CPU.Build.0 = Release|Any CPU
		{911CE466-9155-4938-B06C-281CF5D0CA40}.Release|x64.ActiveCfg = Release|Any CPU
		{911CE466-9155-4938-B06C-281CF5D0CA40}.Release|x64.Build.0 = Release|Any CPU
		{911CE466-9155-4938-B06C-281CF5D0CA40}.Release|x86.ActiveCfg = Release|Any CPU
		{911CE466-9155-4938-B06C-281CF5D0CA40}.Release|x86.Build.0 = Release|Any CPU
		{BEFCDEDA-F2A8-4864-B4C4-090CDC2CEACE}.Debug|Any CPU.ActiveCfg = Debug|Any CPU
		{BEFCDEDA-F2A8-4864-B4C4-090CDC2CEACE}.Debug|Any CPU.Build.0 = Debug|Any CPU
		{BEFCDEDA-F2A8-4864-B4C4-090CDC2CEACE}.Debug|x64.ActiveCfg = Debug|Any CPU
		{BEFCDEDA-F2A8-4864-B4C4-090CDC2CEACE}.Debug|x64.Build.0 = Debug|Any CPU
		{BEFCDEDA-F2A8-4864-B4C4-090CDC2CEACE}.Debug|x86.ActiveCfg = Debug|Any CPU
		{BEFCDEDA-F2A8-4864-B4C4-090CDC2CEACE}.Debug|x86.Build.0 = Debug|Any CPU
		{BEFCDEDA-F2A8-4864-B4C4-090CDC2CEACE}.Release|Any CPU.ActiveCfg = Release|Any CPU
		{BEFCDEDA-F2A8-4864-B4C4-090CDC2CEACE}.Release|Any CPU.Build.0 = Release|Any CPU
		{BEFCDEDA-F2A8-4864-B4C4-090CDC2CEACE}.Release|x64.ActiveCfg = Release|Any CPU
		{BEFCDEDA-F2A8-4864-B4C4-090CDC2CEACE}.Release|x64.Build.0 = Release|Any CPU
		{BEFCDEDA-F2A8-4864-B4C4-090CDC2CEACE}.Release|x86.ActiveCfg = Release|Any CPU
		{BEFCDEDA-F2A8-4864-B4C4-090CDC2CEACE}.Release|x86.Build.0 = Release|Any CPU
		{69924C50-A51E-4A92-B902-8FFF8B6EA849}.Debug|Any CPU.ActiveCfg = Debug|Any CPU
		{69924C50-A51E-4A92-B902-8FFF8B6EA849}.Debug|Any CPU.Build.0 = Debug|Any CPU
		{69924C50-A51E-4A92-B902-8FFF8B6EA849}.Debug|x64.ActiveCfg = Debug|Any CPU
		{69924C50-A51E-4A92-B902-8FFF8B6EA849}.Debug|x64.Build.0 = Debug|Any CPU
		{69924C50-A51E-4A92-B902-8FFF8B6EA849}.Debug|x86.ActiveCfg = Debug|Any CPU
		{69924C50-A51E-4A92-B902-8FFF8B6EA849}.Debug|x86.Build.0 = Debug|Any CPU
		{69924C50-A51E-4A92-B902-8FFF8B6EA849}.Release|Any CPU.ActiveCfg = Release|Any CPU
		{69924C50-A51E-4A92-B902-8FFF8B6EA849}.Release|Any CPU.Build.0 = Release|Any CPU
		{69924C50-A51E-4A92-B902-8FFF8B6EA849}.Release|x64.ActiveCfg = Release|Any CPU
		{69924C50-A51E-4A92-B902-8FFF8B6EA849}.Release|x64.Build.0 = Release|Any CPU
		{69924C50-A51E-4A92-B902-8FFF8B6EA849}.Release|x86.ActiveCfg = Release|Any CPU
		{69924C50-A51E-4A92-B902-8FFF8B6EA849}.Release|x86.Build.0 = Release|Any CPU
	EndGlobalSection
	GlobalSection(SolutionProperties) = preSolution
		HideSolutionNode = FALSE
	EndGlobalSection
	GlobalSection(NestedProjects) = preSolution
		{BD8D70B4-8783-9CDE-4928-87A75EE4AA3F} = {8A367DDA-5161-A942-4F09-60E4726C9306}
		{38C12210-34DE-1CE0-274E-81AE92205607} = {BD8D70B4-8783-9CDE-4928-87A75EE4AA3F}
		{7A2C9EAE-788C-4E62-9CE1-89A4991187C9} = {38C12210-34DE-1CE0-274E-81AE92205607}
		{AF1D43E9-89D6-481D-AC9A-C096B2511DA9} = {38C12210-34DE-1CE0-274E-81AE92205607}
		{A7F6CCF5-1B75-4769-944A-0F1370DC14EB} = {38C12210-34DE-1CE0-274E-81AE92205607}
		{A8F15010-5130-49A3-A6D0-28B67FEFA345} = {38C12210-34DE-1CE0-274E-81AE92205607}
		{35B47C26-E9C5-5DA2-1E8B-2A3D4E6456B9} = {8A367DDA-5161-A942-4F09-60E4726C9306}
		{DA79879A-6D69-773B-E244-3746ADEF81EB} = {35B47C26-E9C5-5DA2-1E8B-2A3D4E6456B9}
		{ABF8ADF7-D6FA-454F-BFB8-0496AB84BBA4} = {DA79879A-6D69-773B-E244-3746ADEF81EB}
		{E20D8ACF-929F-46C6-97E0-9493D2347FDE} = {DA79879A-6D69-773B-E244-3746ADEF81EB}
		{159AAEFA-62AC-4F39-A633-9E9D902B4C5D} = {DA79879A-6D69-773B-E244-3746ADEF81EB}
		{E5EC3449-3850-45A4-AAF7-A7AB88CC7F21} = {DA79879A-6D69-773B-E244-3746ADEF81EB}
		{C0F266E7-F057-DC0D-B583-6ABC88229542} = {8A367DDA-5161-A942-4F09-60E4726C9306}
		{36F82D61-3B92-D88F-2C37-2E60CD41415C} = {C0F266E7-F057-DC0D-B583-6ABC88229542}
		{9177718A-09AC-49F6-A53E-61BF2D7B4E80} = {36F82D61-3B92-D88F-2C37-2E60CD41415C}
		{A395A183-26D2-4C3A-8BE6-07B7B588E8BC} = {36F82D61-3B92-D88F-2C37-2E60CD41415C}
		{C4DEEBD4-8BB7-43C8-813E-905CF6538C46} = {36F82D61-3B92-D88F-2C37-2E60CD41415C}
		{A4E21DA5-4119-4843-A875-72CD81F36348} = {36F82D61-3B92-D88F-2C37-2E60CD41415C}
		{D3C57789-3D7D-8B0B-EB83-EEDE3EAE72A8} = {8A367DDA-5161-A942-4F09-60E4726C9306}
		{C4378809-C824-FA63-61C3-C4AE637AD50B} = {D3C57789-3D7D-8B0B-EB83-EEDE3EAE72A8}
		{E0D83F83-2C03-401C-B433-271E9A79003F} = {C4378809-C824-FA63-61C3-C4AE637AD50B}
		{95F36536-02E2-4FCF-B9ED-A7D671F07730} = {C4378809-C824-FA63-61C3-C4AE637AD50B}
		{94CF1C5A-0DF4-4BD7-A644-4AA185E37B10} = {C4378809-C824-FA63-61C3-C4AE637AD50B}
		{CFEC980D-4B13-47B1-B1E9-8DBDA4F934E1} = {C4378809-C824-FA63-61C3-C4AE637AD50B}
		{2A70F31C-5C72-7D46-9845-EE4026926510} = {D3C57789-3D7D-8B0B-EB83-EEDE3EAE72A8}
		{DDA121C8-7E70-4CA6-9AB4-528944A48885} = {2A70F31C-5C72-7D46-9845-EE4026926510}
		{C3A20325-208F-4225-8417-65E52C6EDCEE} = {2A70F31C-5C72-7D46-9845-EE4026926510}
		{CC6A9C17-ABB5-4870-BB9C-4DA23D1D4869} = {2A70F31C-5C72-7D46-9845-EE4026926510}
		{697059A7-D271-4C88-8918-122AE684B41B} = {2A70F31C-5C72-7D46-9845-EE4026926510}
		{ACE97FBE-E5CE-D56B-9B6E-FFB3CDBB27EC} = {BD8D70B4-8783-9CDE-4928-87A75EE4AA3F}
		{03739E52-EC16-477A-B130-FFB1C5725D21} = {ACE97FBE-E5CE-D56B-9B6E-FFB3CDBB27EC}
		{DC90A675-4B25-44F8-B07B-0FCC7107B8EF} = {ACE97FBE-E5CE-D56B-9B6E-FFB3CDBB27EC}
		{09348F4C-D5E3-EE9B-4F91-41112B18C921} = {C0F266E7-F057-DC0D-B583-6ABC88229542}
		{42FF136B-8F2F-47E1-AF1C-F753E4BD5C19} = {09348F4C-D5E3-EE9B-4F91-41112B18C921}
		{3FA054D9-FCE9-4DEC-86A3-F0D43C23C828} = {09348F4C-D5E3-EE9B-4F91-41112B18C921}
		{81D0A65F-4FFC-5A1F-D290-1D0321A260B3} = {35B47C26-E9C5-5DA2-1E8B-2A3D4E6456B9}
		{426DBAAD-42B9-46D5-8B82-4A217E554058} = {81D0A65F-4FFC-5A1F-D290-1D0321A260B3}
		{911CE466-9155-4938-B06C-281CF5D0CA40} = {81D0A65F-4FFC-5A1F-D290-1D0321A260B3}
		{BEFCDEDA-F2A8-4864-B4C4-090CDC2CEACE} = {02EA681E-C7D8-13C7-8484-4AC65E1B71E8}
		{69924C50-A51E-4A92-B902-8FFF8B6EA849} = {FC47C5F6-CA13-4498-877E-788C1D8C724B}
	EndGlobalSection
	GlobalSection(ExtensibilityGlobals) = postSolution
		SolutionGuid = {3CB609D9-5D54-4C11-A371-DAAC8B74E430}
	EndGlobalSection
EndGlobal
